PODS:
  - CocoaLumberjack (3.8.0):
    - CocoaLumberjack/Core (= 3.8.0)
  - CocoaLumberjack/Core (3.8.0)
  - FMDB (2.7.5):
    - FMDB/standard (= 2.7.5)
  - FMDB/standard (2.7.5)
  - SimulatorStatusMagic (2.7)

DEPENDENCIES:
  - CocoaLumberjack (~> 3.6)
  - FMDB (~> 2.7)
  - SimulatorStatusMagic (~> 2.4)

SPEC REPOS:
  https://github.com/cocoapods/specs.git:
    - CocoaLumberjack
    - FMDB
    - SimulatorStatusMagic

SPEC CHECKSUMS:
  CocoaLumberjack: 78abfb691154e2a9df8ded4350d504ee19d90732
  FMDB: 2ce00b547f966261cd18927a3ddb07cb6f3db82a
  SimulatorStatusMagic: 4e15e56530b367e90dcd3b94fd272e833e9d8a44

PODFILE CHECKSUM: b669dac40187a15b09e7cd5b23478c74c792d0fb

COCOAPODS: 1.15.2
