PODS:
  - AFNetworking (2.6.3):
    - AFNetworking/NSURLConnection (= 2.6.3)
    - AFNetworking/NSURLSession (= 2.6.3)
    - AFNetworking/Reachability (= 2.6.3)
    - AFNetworking/Security (= 2.6.3)
    - AFNetworking/Serialization (= 2.6.3)
    - AFNetworking/UIKit (= 2.6.3)
  - AFNetworking/NSURLConnection (2.6.3):
    - AFNetworking/Reachability
    - AFNetworking/Security
    - AFNetworking/Serialization
  - AFNetworking/NSURLSession (2.6.3):
    - AFNetworking/Reachability
    - AFNetworking/Security
    - AFNetworking/Serialization
  - AFNetworking/Reachability (2.6.3)
  - AFNetworking/Security (2.6.3)
  - AFNetworking/Serialization (2.6.3)
  - AFNetworking/UIKit (2.6.3):
    - AFNetworking/NSURLConnection
    - AFNetworking/NSURLSession
  - CocoaLumberjack (2.3.0):
    - CocoaLumberjack/Default (= 2.3.0)
    - CocoaLumberjack/Extensions (= 2.3.0)
  - CocoaLumberjack/Core (2.3.0)
  - CocoaLumberjack/Default (2.3.0):
    - CocoaLumberjack/Core
  - CocoaLumberjack/Extensions (2.3.0):
    - CocoaLumberjack/Default
  - FMDB (2.6.2):
    - FMDB/standard (= 2.6.2)
  - FMDB/standard (2.6.2)
  - Keys (1.0.0)
  - LSWeekView (1.0.5)
  - Nimble (4.0.1)
  - Quick (0.9.2)
  - SimulatorStatusMagic (1.7)

DEPENDENCIES:
  - AFNetworking (~> 2.6)
  - CocoaLumberjack (~> 2.0)
  - FMDB (~> 2.5)
  - Keys (from `Pods/CocoaPodsKeys`)
  - LSWeekView (~> 1.0)
  - Nimble (~> 4.0)
  - Quick (~> 0.9)
  - SimulatorStatusMagic (~> 1.7)

EXTERNAL SOURCES:
  Keys:
    :path: Pods/CocoaPodsKeys

SPEC CHECKSUMS:
  AFNetworking: cb8d14a848e831097108418f5d49217339d4eb60
  CocoaLumberjack: 97fab7ee5f507fe54445cca7ea80f926729cfd15
  FMDB: 854a0341b4726e53276f2a8996f06f1b80f9259a
  Keys: 9c35bf00f612ee1d48556f4a4b9b4551e224e90f
  LSWeekView: 81fb7560de79861d65be0a51a4944a6832493402
  Nimble: 0f3c8b8b084cda391209c3c5efbb48bedeeb920a
  Quick: 18d057bc66451eedd5d1c8dc99ba2a5db6e60226
  SimulatorStatusMagic: 46c90a12f73abeda6d7c16876e1e0998b6ca5f4f

PODFILE CHECKSUM: 2a08986f502b7b4ea5edc62e06433dbb88a474f7

COCOAPODS: 1.0.0
