// !$*UTF8*$!
{
	archiveVersion = 1;
	classes = {
	};
	objectVersion = 48;
	objects = {

/* Begin PBXBuildFile section */
		0621A5371F7F458900FF78C2 /* Env.swift in Sources */ = {isa = PBXBuildFile; fileRef = 0621A5361F7F458900FF78C2 /* Env.swift */; };
		063A2B831FC3C5A3000FE0E3 /* Realm+Cascading.swift in Sources */ = {isa = PBXBuildFile; fileRef = 063A2B821FC3C5A3000FE0E3 /* Realm+Cascading.swift */; };
		063A2B8B1FC3D565000FE0E3 /* MatchupDataSource.swift in Sources */ = {isa = PBXBuildFile; fileRef = 063A2B8A1FC3D565000FE0E3 /* MatchupDataSource.swift */; };
		063A2B8D1FC3D5B9000FE0E3 /* MatchupDelegate.swift in Sources */ = {isa = PBXBuildFile; fileRef = 063A2B8C1FC3D5B9000FE0E3 /* MatchupDelegate.swift */; };
		063A2B911FC3E8AD000FE0E3 /* MatchupGameCell.swift in Sources */ = {isa = PBXBuildFile; fileRef = 063A2B901FC3E8AD000FE0E3 /* MatchupGameCell.swift */; };
		063A2B941FC3E8E9000FE0E3 /* Reusable.swift in Sources */ = {isa = PBXBuildFile; fileRef = 063A2B931FC3E8E9000FE0E3 /* Reusable.swift */; };
		063A2B981FC3F010000FE0E3 /* MatchupGameView.swift in Sources */ = {isa = PBXBuildFile; fileRef = 063A2B971FC3F010000FE0E3 /* MatchupGameView.swift */; };
		063A2B9A1FC3F08F000FE0E3 /* AutoLayout+Extensions.swift in Sources */ = {isa = PBXBuildFile; fileRef = 063A2B991FC3F08F000FE0E3 /* AutoLayout+Extensions.swift */; };
		0642D0201F95B1B200172952 /* Bracket.swift in Sources */ = {isa = PBXBuildFile; fileRef = 0642D01F1F95B1B200172952 /* Bracket.swift */; };
		0642D0241F95BD9700172952 /* RealmSwift+Codable.swift in Sources */ = {isa = PBXBuildFile; fileRef = 0642D0231F95BD9700172952 /* RealmSwift+Codable.swift */; };
		0669EA351F76C52400516670 /* BracketView.swift in Sources */ = {isa = PBXBuildFile; fileRef = 0669EA341F76C52400516670 /* BracketView.swift */; };
		06861D9C1F720F1B00E8C020 /* TreeView.swift in Sources */ = {isa = PBXBuildFile; fileRef = 06861D9B1F720F1B00E8C020 /* TreeView.swift */; };
		06861D9E1F720F4A00E8C020 /* SeriesView.swift in Sources */ = {isa = PBXBuildFile; fileRef = 06861D9D1F720F4A00E8C020 /* SeriesView.swift */; };
		06861DA31F760FFC00E8C020 /* BracketLineView.swift in Sources */ = {isa = PBXBuildFile; fileRef = 06861DA21F760FFC00E8C020 /* BracketLineView.swift */; };
		06861DA51F76198F00E8C020 /* Series.swift in Sources */ = {isa = PBXBuildFile; fileRef = 06861DA41F76198F00E8C020 /* Series.swift */; };
		0698B4B11FA41E7400947FE2 /* UIColor+Hex.swift in Sources */ = {isa = PBXBuildFile; fileRef = 0698B4B01FA41E7400947FE2 /* UIColor+Hex.swift */; };
		0698B4B31FA4201000947FE2 /* MatchupTeam.swift in Sources */ = {isa = PBXBuildFile; fileRef = 0698B4B21FA4201000947FE2 /* MatchupTeam.swift */; };
		069D3EB61F7F37E700080AA0 /* API.swift in Sources */ = {isa = PBXBuildFile; fileRef = 069D3EB51F7F37E700080AA0 /* API.swift */; };
		06CEB2021F71F93200723709 /* InfoPlist.strings in Resources */ = {isa = PBXBuildFile; fileRef = 06CEB2041F71F93200723709 /* InfoPlist.strings */; };
		06CEB2071F71F95300723709 /* Localizable.strings in Resources */ = {isa = PBXBuildFile; fileRef = 06CEB2091F71F95300723709 /* Localizable.strings */; };
		06CEB20E1F71FF7700723709 /* BracketController.swift in Sources */ = {isa = PBXBuildFile; fileRef = 06CEB20D1F71FF7700723709 /* BracketController.swift */; };
		06D871251F71E64900B0111C /* AppDelegate.swift in Sources */ = {isa = PBXBuildFile; fileRef = 06D871241F71E64900B0111C /* AppDelegate.swift */; };
		06D871271F71E64900B0111C /* AppController.swift in Sources */ = {isa = PBXBuildFile; fileRef = 06D871261F71E64900B0111C /* AppController.swift */; };
		06D8712C1F71E64900B0111C /* Assets.xcassets in Resources */ = {isa = PBXBuildFile; fileRef = 06D8712B1F71E64900B0111C /* Assets.xcassets */; };
		06D8D2D11F71F7DB00F82A49 /* BracketCoordinator.swift in Sources */ = {isa = PBXBuildFile; fileRef = 06D8D2D01F71F7DB00F82A49 /* BracketCoordinator.swift */; };
		06DD09561F81D7B0008E9824 /* MatchupController.swift in Sources */ = {isa = PBXBuildFile; fileRef = 06DD09551F81D7B0008E9824 /* MatchupController.swift */; };
		06E75F281F7C81A700540DE3 /* BracketDataSource.swift in Sources */ = {isa = PBXBuildFile; fileRef = 06E75F271F7C81A700540DE3 /* BracketDataSource.swift */; };
		06E75F2A1F7C822100540DE3 /* Store.swift in Sources */ = {isa = PBXBuildFile; fileRef = 06E75F291F7C822100540DE3 /* Store.swift */; };
		06E75F2E1F7C861500540DE3 /* Event.swift in Sources */ = {isa = PBXBuildFile; fileRef = 06E75F2D1F7C861500540DE3 /* Event.swift */; };
		06E75F301F7C861E00540DE3 /* Game.swift in Sources */ = {isa = PBXBuildFile; fileRef = 06E75F2F1F7C861E00540DE3 /* Game.swift */; };
		06E75F321F7C862A00540DE3 /* Period.swift in Sources */ = {isa = PBXBuildFile; fileRef = 06E75F311F7C862A00540DE3 /* Period.swift */; };
		06E75F361F7C863800540DE3 /* Matchup.swift in Sources */ = {isa = PBXBuildFile; fileRef = 06E75F351F7C863800540DE3 /* Matchup.swift */; };
		06E75F391F7C8B1E00540DE3 /* RealmSwift.framework in Frameworks */ = {isa = PBXBuildFile; fileRef = 06E75F371F7C8B1E00540DE3 /* RealmSwift.framework */; };
		06E75F3A1F7C8B1E00540DE3 /* RealmSwift.framework in Embed Frameworks */ = {isa = PBXBuildFile; fileRef = 06E75F371F7C8B1E00540DE3 /* RealmSwift.framework */; settings = {ATTRIBUTES = (CodeSignOnCopy, RemoveHeadersOnCopy, ); }; };
		06E75F3B1F7C8B1E00540DE3 /* Realm.framework in Frameworks */ = {isa = PBXBuildFile; fileRef = 06E75F381F7C8B1E00540DE3 /* Realm.framework */; };
		06E75F3C1F7C8B1E00540DE3 /* Realm.framework in Embed Frameworks */ = {isa = PBXBuildFile; fileRef = 06E75F381F7C8B1E00540DE3 /* Realm.framework */; settings = {ATTRIBUTES = (CodeSignOnCopy, RemoveHeadersOnCopy, ); }; };
		06E75F421F7C9FFD00540DE3 /* Team.swift in Sources */ = {isa = PBXBuildFile; fileRef = 06E75F411F7C9FFD00540DE3 /* Team.swift */; };
		06E75F441F7CB3F100540DE3 /* TeamView.swift in Sources */ = {isa = PBXBuildFile; fileRef = 06E75F431F7CB3F100540DE3 /* TeamView.swift */; };
		06FE756B1F804FB900E144A7 /* HockeyPlayoffsTests.swift in Sources */ = {isa = PBXBuildFile; fileRef = 06FE756A1F804FB900E144A7 /* HockeyPlayoffsTests.swift */; };
/* End PBXBuildFile section */

/* Begin PBXContainerItemProxy section */
		06FE756D1F804FB900E144A7 /* PBXContainerItemProxy */ = {
			isa = PBXContainerItemProxy;
			containerPortal = 06D871191F71E64900B0111C /* Project object */;
			proxyType = 1;
			remoteGlobalIDString = 06D871201F71E64900B0111C;
			remoteInfo = HockeyPlayoffs;
		};
/* End PBXContainerItemProxy section */

/* Begin PBXCopyFilesBuildPhase section */
		06E75F3D1F7C8B1E00540DE3 /* Embed Frameworks */ = {
			isa = PBXCopyFilesBuildPhase;
			buildActionMask = 2147483647;
			dstPath = "";
			dstSubfolderSpec = 10;
			files = (
				06E75F3C1F7C8B1E00540DE3 /* Realm.framework in Embed Frameworks */,
				06E75F3A1F7C8B1E00540DE3 /* RealmSwift.framework in Embed Frameworks */,
			);
			name = "Embed Frameworks";
			runOnlyForDeploymentPostprocessing = 0;
		};
/* End PBXCopyFilesBuildPhase section */

/* Begin PBXFileReference section */
		0621A5361F7F458900FF78C2 /* Env.swift */ = {isa = PBXFileReference; fileEncoding = 4; lastKnownFileType = sourcecode.swift; path = Env.swift; sourceTree = "<group>"; };
		063A2B821FC3C5A3000FE0E3 /* Realm+Cascading.swift */ = {isa = PBXFileReference; lastKnownFileType = sourcecode.swift; path = "Realm+Cascading.swift"; sourceTree = "<group>"; };
		063A2B8A1FC3D565000FE0E3 /* MatchupDataSource.swift */ = {isa = PBXFileReference; lastKnownFileType = sourcecode.swift; path = MatchupDataSource.swift; sourceTree = "<group>"; };
		063A2B8C1FC3D5B9000FE0E3 /* MatchupDelegate.swift */ = {isa = PBXFileReference; lastKnownFileType = sourcecode.swift; path = MatchupDelegate.swift; sourceTree = "<group>"; };
		063A2B901FC3E8AD000FE0E3 /* MatchupGameCell.swift */ = {isa = PBXFileReference; lastKnownFileType = sourcecode.swift; path = MatchupGameCell.swift; sourceTree = "<group>"; };
		063A2B931FC3E8E9000FE0E3 /* Reusable.swift */ = {isa = PBXFileReference; lastKnownFileType = sourcecode.swift; path = Reusable.swift; sourceTree = "<group>"; };
		063A2B971FC3F010000FE0E3 /* MatchupGameView.swift */ = {isa = PBXFileReference; lastKnownFileType = sourcecode.swift; path = MatchupGameView.swift; sourceTree = "<group>"; };
		063A2B991FC3F08F000FE0E3 /* AutoLayout+Extensions.swift */ = {isa = PBXFileReference; lastKnownFileType = sourcecode.swift; path = "AutoLayout+Extensions.swift"; sourceTree = "<group>"; };
		0642D01F1F95B1B200172952 /* Bracket.swift */ = {isa = PBXFileReference; lastKnownFileType = sourcecode.swift; path = Bracket.swift; sourceTree = "<group>"; };
		0642D0231F95BD9700172952 /* RealmSwift+Codable.swift */ = {isa = PBXFileReference; lastKnownFileType = sourcecode.swift; path = "RealmSwift+Codable.swift"; sourceTree = "<group>"; };
		0669EA341F76C52400516670 /* BracketView.swift */ = {isa = PBXFileReference; lastKnownFileType = sourcecode.swift; path = BracketView.swift; sourceTree = "<group>"; };
		06861D9B1F720F1B00E8C020 /* TreeView.swift */ = {isa = PBXFileReference; lastKnownFileType = sourcecode.swift; path = TreeView.swift; sourceTree = "<group>"; };
		06861D9D1F720F4A00E8C020 /* SeriesView.swift */ = {isa = PBXFileReference; lastKnownFileType = sourcecode.swift; path = SeriesView.swift; sourceTree = "<group>"; };
		06861DA21F760FFC00E8C020 /* BracketLineView.swift */ = {isa = PBXFileReference; lastKnownFileType = sourcecode.swift; path = BracketLineView.swift; sourceTree = "<group>"; };
		06861DA41F76198F00E8C020 /* Series.swift */ = {isa = PBXFileReference; lastKnownFileType = sourcecode.swift; path = Series.swift; sourceTree = "<group>"; };
		0698B4B01FA41E7400947FE2 /* UIColor+Hex.swift */ = {isa = PBXFileReference; lastKnownFileType = sourcecode.swift; path = "UIColor+Hex.swift"; sourceTree = "<group>"; };
		0698B4B21FA4201000947FE2 /* MatchupTeam.swift */ = {isa = PBXFileReference; lastKnownFileType = sourcecode.swift; path = MatchupTeam.swift; sourceTree = "<group>"; };
		069D3EB51F7F37E700080AA0 /* API.swift */ = {isa = PBXFileReference; lastKnownFileType = sourcecode.swift; path = API.swift; sourceTree = "<group>"; };
		06CEB1FE1F71F8EC00723709 /* Info.plist */ = {isa = PBXFileReference; fileEncoding = 4; lastKnownFileType = text.plist.xml; path = Info.plist; sourceTree = "<group>"; };
		06CEB2031F71F93200723709 /* en */ = {isa = PBXFileReference; lastKnownFileType = text.plist.strings; name = en; path = en.lproj/InfoPlist.strings; sourceTree = "<group>"; };
		06CEB2081F71F95300723709 /* en */ = {isa = PBXFileReference; lastKnownFileType = text.plist.strings; name = en; path = en.lproj/Localizable.strings; sourceTree = "<group>"; };
		06CEB20B1F71FA1C00723709 /* fr */ = {isa = PBXFileReference; lastKnownFileType = text.plist.strings; name = fr; path = fr.lproj/InfoPlist.strings; sourceTree = "<group>"; };
		06CEB20C1F71FA1C00723709 /* fr */ = {isa = PBXFileReference; lastKnownFileType = text.plist.strings; name = fr; path = fr.lproj/Localizable.strings; sourceTree = "<group>"; };
		06CEB20D1F71FF7700723709 /* BracketController.swift */ = {isa = PBXFileReference; lastKnownFileType = sourcecode.swift; path = BracketController.swift; sourceTree = "<group>"; };
		06D871211F71E64900B0111C /* HockeyPlayoffs.app */ = {isa = PBXFileReference; explicitFileType = wrapper.application; includeInIndex = 0; path = HockeyPlayoffs.app; sourceTree = BUILT_PRODUCTS_DIR; };
		06D871241F71E64900B0111C /* AppDelegate.swift */ = {isa = PBXFileReference; lastKnownFileType = sourcecode.swift; path = AppDelegate.swift; sourceTree = "<group>"; };
		06D871261F71E64900B0111C /* AppController.swift */ = {isa = PBXFileReference; lastKnownFileType = sourcecode.swift; path = AppController.swift; sourceTree = "<group>"; };
		06D8712B1F71E64900B0111C /* Assets.xcassets */ = {isa = PBXFileReference; lastKnownFileType = folder.assetcatalog; path = Assets.xcassets; sourceTree = "<group>"; };
		06D8D2D01F71F7DB00F82A49 /* BracketCoordinator.swift */ = {isa = PBXFileReference; lastKnownFileType = sourcecode.swift; path = BracketCoordinator.swift; sourceTree = "<group>"; };
		06DD09551F81D7B0008E9824 /* MatchupController.swift */ = {isa = PBXFileReference; lastKnownFileType = sourcecode.swift; path = MatchupController.swift; sourceTree = "<group>"; };
		06E75F271F7C81A700540DE3 /* BracketDataSource.swift */ = {isa = PBXFileReference; lastKnownFileType = sourcecode.swift; path = BracketDataSource.swift; sourceTree = "<group>"; };
		06E75F291F7C822100540DE3 /* Store.swift */ = {isa = PBXFileReference; lastKnownFileType = sourcecode.swift; path = Store.swift; sourceTree = "<group>"; };
		06E75F2D1F7C861500540DE3 /* Event.swift */ = {isa = PBXFileReference; lastKnownFileType = sourcecode.swift; path = Event.swift; sourceTree = "<group>"; };
		06E75F2F1F7C861E00540DE3 /* Game.swift */ = {isa = PBXFileReference; lastKnownFileType = sourcecode.swift; path = Game.swift; sourceTree = "<group>"; };
		06E75F311F7C862A00540DE3 /* Period.swift */ = {isa = PBXFileReference; lastKnownFileType = sourcecode.swift; path = Period.swift; sourceTree = "<group>"; };
		06E75F351F7C863800540DE3 /* Matchup.swift */ = {isa = PBXFileReference; lastKnownFileType = sourcecode.swift; path = Matchup.swift; sourceTree = "<group>"; };
		06E75F371F7C8B1E00540DE3 /* RealmSwift.framework */ = {isa = PBXFileReference; lastKnownFileType = wrapper.framework; name = RealmSwift.framework; path = Carthage/Build/iOS/RealmSwift.framework; sourceTree = "<group>"; };
		06E75F381F7C8B1E00540DE3 /* Realm.framework */ = {isa = PBXFileReference; lastKnownFileType = wrapper.framework; name = Realm.framework; path = Carthage/Build/iOS/Realm.framework; sourceTree = "<group>"; };
		06E75F411F7C9FFD00540DE3 /* Team.swift */ = {isa = PBXFileReference; lastKnownFileType = sourcecode.swift; path = Team.swift; sourceTree = "<group>"; };
		06E75F431F7CB3F100540DE3 /* TeamView.swift */ = {isa = PBXFileReference; lastKnownFileType = sourcecode.swift; path = TeamView.swift; sourceTree = "<group>"; };
		06FE75681F804FB900E144A7 /* HockeyPlayoffsTests.xctest */ = {isa = PBXFileReference; explicitFileType = wrapper.cfbundle; includeInIndex = 0; path = HockeyPlayoffsTests.xctest; sourceTree = BUILT_PRODUCTS_DIR; };
		06FE756A1F804FB900E144A7 /* HockeyPlayoffsTests.swift */ = {isa = PBXFileReference; lastKnownFileType = sourcecode.swift; path = HockeyPlayoffsTests.swift; sourceTree = "<group>"; };
		06FE756C1F804FB900E144A7 /* Info.plist */ = {isa = PBXFileReference; lastKnownFileType = text.plist.xml; path = Info.plist; sourceTree = "<group>"; };
/* End PBXFileReference section */

/* Begin PBXFrameworksBuildPhase section */
		06D8711E1F71E64900B0111C /* Frameworks */ = {
			isa = PBXFrameworksBuildPhase;
			buildActionMask = 2147483647;
			files = (
				06E75F3B1F7C8B1E00540DE3 /* Realm.framework in Frameworks */,
				06E75F391F7C8B1E00540DE3 /* RealmSwift.framework in Frameworks */,
			);
			runOnlyForDeploymentPostprocessing = 0;
		};
		06FE75651F804FB900E144A7 /* Frameworks */ = {
			isa = PBXFrameworksBuildPhase;
			buildActionMask = 2147483647;
			files = (
			);
			runOnlyForDeploymentPostprocessing = 0;
		};
/* End PBXFrameworksBuildPhase section */

/* Begin PBXGroup section */
		0604BCD01F7F30FF00BF64FC /* Models */ = {
			isa = PBXGroup;
			children = (
				0642D01F1F95B1B200172952 /* Bracket.swift */,
				06E75F2D1F7C861500540DE3 /* Event.swift */,
				06E75F2F1F7C861E00540DE3 /* Game.swift */,
				06E75F351F7C863800540DE3 /* Matchup.swift */,
				06E75F311F7C862A00540DE3 /* Period.swift */,
				0642D0231F95BD9700172952 /* RealmSwift+Codable.swift */,
				06861DA41F76198F00E8C020 /* Series.swift */,
				06E75F411F7C9FFD00540DE3 /* Team.swift */,
				0698B4B21FA4201000947FE2 /* MatchupTeam.swift */,
			);
			path = Models;
			sourceTree = "<group>";
		};
		0604BCD11F7F33BD00BF64FC /* Networking */ = {
			isa = PBXGroup;
			children = (
				069D3EB51F7F37E700080AA0 /* API.swift */,
			);
			path = Networking;
			sourceTree = "<group>";
		};
		063A2B871FC3D305000FE0E3 /* Views */ = {
			isa = PBXGroup;
			children = (
				06861DA21F760FFC00E8C020 /* BracketLineView.swift */,
				06861D9B1F720F1B00E8C020 /* TreeView.swift */,
				06E75F431F7CB3F100540DE3 /* TeamView.swift */,
				06861D9D1F720F4A00E8C020 /* SeriesView.swift */,
				063A2B971FC3F010000FE0E3 /* MatchupGameView.swift */,
			);
			path = Views;
			sourceTree = "<group>";
		};
		063A2B921FC3E8DA000FE0E3 /* Protocols */ = {
			isa = PBXGroup;
			children = (
				063A2B931FC3E8E9000FE0E3 /* Reusable.swift */,
			);
			path = Protocols;
			sourceTree = "<group>";
		};
		0698B4AF1FA41E5600947FE2 /* Extensions */ = {
			isa = PBXGroup;
			children = (
				0698B4B01FA41E7400947FE2 /* UIColor+Hex.swift */,
				063A2B991FC3F08F000FE0E3 /* AutoLayout+Extensions.swift */,
			);
			path = Extensions;
			sourceTree = "<group>";
		};
		06CEB20A1F71F97F00723709 /* Resources */ = {
			isa = PBXGroup;
			children = (
				06D8712B1F71E64900B0111C /* Assets.xcassets */,
				06CEB1FE1F71F8EC00723709 /* Info.plist */,
				06CEB2041F71F93200723709 /* InfoPlist.strings */,
				06CEB2091F71F95300723709 /* Localizable.strings */,
			);
			path = Resources;
			sourceTree = "<group>";
		};
		06D871181F71E64900B0111C = {
			isa = PBXGroup;
			children = (
				06E75F3E1F7C8B2800540DE3 /* Frameworks */,
				06D871231F71E64900B0111C /* HockeyPlayoffs */,
				06FE75691F804FB900E144A7 /* HockeyPlayoffsTests */,
				06D871221F71E64900B0111C /* Products */,
				0621A5361F7F458900FF78C2 /* Env.swift */,
			);
			sourceTree = "<group>";
		};
		06D871221F71E64900B0111C /* Products */ = {
			isa = PBXGroup;
			children = (
				06D871211F71E64900B0111C /* HockeyPlayoffs.app */,
				06FE75681F804FB900E144A7 /* HockeyPlayoffsTests.xctest */,
			);
			name = Products;
			sourceTree = "<group>";
		};
		06D871231F71E64900B0111C /* HockeyPlayoffs */ = {
			isa = PBXGroup;
			children = (
				063A2B921FC3E8DA000FE0E3 /* Protocols */,
				063A2B871FC3D305000FE0E3 /* Views */,
				06D8D2CE1F71F7B700F82A49 /* Bracket */,
				0698B4AF1FA41E5600947FE2 /* Extensions */,
				06DD09541F81D76B008E9824 /* Matchup */,
				0604BCD01F7F30FF00BF64FC /* Models */,
				0604BCD11F7F33BD00BF64FC /* Networking */,
				06CEB20A1F71F97F00723709 /* Resources */,
				06E75F2C1F7C860500540DE3 /* Store */,
				06D871261F71E64900B0111C /* AppController.swift */,
				06D871241F71E64900B0111C /* AppDelegate.swift */,
				06D8D2D01F71F7DB00F82A49 /* BracketCoordinator.swift */,
			);
			path = HockeyPlayoffs;
			sourceTree = "<group>";
		};
		06D8D2CE1F71F7B700F82A49 /* Bracket */ = {
			isa = PBXGroup;
			children = (
				06CEB20D1F71FF7700723709 /* BracketController.swift */,
				06E75F271F7C81A700540DE3 /* BracketDataSource.swift */,
				0669EA341F76C52400516670 /* BracketView.swift */,
			);
			path = Bracket;
			sourceTree = "<group>";
		};
		06DD09541F81D76B008E9824 /* Matchup */ = {
			isa = PBXGroup;
			children = (
				06DD09551F81D7B0008E9824 /* MatchupController.swift */,
				063A2B8A1FC3D565000FE0E3 /* MatchupDataSource.swift */,
				063A2B8C1FC3D5B9000FE0E3 /* MatchupDelegate.swift */,
				063A2B901FC3E8AD000FE0E3 /* MatchupGameCell.swift */,
			);
			path = Matchup;
			sourceTree = "<group>";
		};
		06E75F2C1F7C860500540DE3 /* Store */ = {
			isa = PBXGroup;
			children = (
				06E75F291F7C822100540DE3 /* Store.swift */,
				063A2B821FC3C5A3000FE0E3 /* Realm+Cascading.swift */,
			);
			path = Store;
			sourceTree = "<group>";
		};
		06E75F3E1F7C8B2800540DE3 /* Frameworks */ = {
			isa = PBXGroup;
			children = (
				06E75F381F7C8B1E00540DE3 /* Realm.framework */,
				06E75F371F7C8B1E00540DE3 /* RealmSwift.framework */,
			);
			name = Frameworks;
			sourceTree = "<group>";
		};
		06FE75691F804FB900E144A7 /* HockeyPlayoffsTests */ = {
			isa = PBXGroup;
			children = (
				06FE75721F80514B00E144A7 /* Resources */,
				06FE756A1F804FB900E144A7 /* HockeyPlayoffsTests.swift */,
			);
			path = HockeyPlayoffsTests;
			sourceTree = "<group>";
		};
		06FE75721F80514B00E144A7 /* Resources */ = {
			isa = PBXGroup;
			children = (
				06FE756C1F804FB900E144A7 /* Info.plist */,
			);
			path = Resources;
			sourceTree = "<group>";
		};
/* End PBXGroup section */

/* Begin PBXNativeTarget section */
		06D871201F71E64900B0111C /* HockeyPlayoffs */ = {
			isa = PBXNativeTarget;
			buildConfigurationList = 06D871331F71E64900B0111C /* Build configuration list for PBXNativeTarget "HockeyPlayoffs" */;
			buildPhases = (
				0621A5351F7F437000FF78C2 /* Setup Env.swift */,
				0621A5381F7F62FB00FF78C2 /* Swift Lint */,
				06D8711D1F71E64900B0111C /* Sources */,
				06D8711E1F71E64900B0111C /* Frameworks */,
				06D8711F1F71E64900B0111C /* Resources */,
				06E75F2B1F7C85BE00540DE3 /* Copy Frameworks */,
				06E75F3D1F7C8B1E00540DE3 /* Embed Frameworks */,
			);
			buildRules = (
			);
			dependencies = (
			);
			name = HockeyPlayoffs;
			productName = HockeyPlayoffs;
			productReference = 06D871211F71E64900B0111C /* HockeyPlayoffs.app */;
			productType = "com.apple.product-type.application";
		};
		06FE75671F804FB900E144A7 /* HockeyPlayoffsTests */ = {
			isa = PBXNativeTarget;
			buildConfigurationList = 06FE756F1F804FB900E144A7 /* Build configuration list for PBXNativeTarget "HockeyPlayoffsTests" */;
			buildPhases = (
				06FE75641F804FB900E144A7 /* Sources */,
				06FE75651F804FB900E144A7 /* Frameworks */,
				06FE75661F804FB900E144A7 /* Resources */,
			);
			buildRules = (
			);
			dependencies = (
				06FE756E1F804FB900E144A7 /* PBXTargetDependency */,
			);
			name = HockeyPlayoffsTests;
			productName = HockeyPlayoffsTests;
			productReference = 06FE75681F804FB900E144A7 /* HockeyPlayoffsTests.xctest */;
			productType = "com.apple.product-type.bundle.unit-test";
		};
/* End PBXNativeTarget section */

/* Begin PBXProject section */
		06D871191F71E64900B0111C /* Project object */ = {
			isa = PBXProject;
			attributes = {
				LastSwiftUpdateCheck = 0900;
				LastUpgradeCheck = 0900;
				ORGANIZATIONNAME = "Pierre-Marc Airoldi";
				TargetAttributes = {
					06D871201F71E64900B0111C = {
						CreatedOnToolsVersion = 9.0;
						ProvisioningStyle = Automatic;
					};
					06FE75671F804FB900E144A7 = {
						CreatedOnToolsVersion = 9.0;
						ProvisioningStyle = Automatic;
						TestTargetID = 06D871201F71E64900B0111C;
					};
				};
			};
			buildConfigurationList = 06D8711C1F71E64900B0111C /* Build configuration list for PBXProject "HockeyPlayoffs" */;
			compatibilityVersion = "Xcode 8.0";
			developmentRegion = en;
			hasScannedForEncodings = 0;
			knownRegions = (
				en,
				Base,
				fr,
			);
			mainGroup = 06D871181F71E64900B0111C;
			productRefGroup = 06D871221F71E64900B0111C /* Products */;
			projectDirPath = "";
			projectRoot = "";
			targets = (
				06D871201F71E64900B0111C /* HockeyPlayoffs */,
				06FE75671F804FB900E144A7 /* HockeyPlayoffsTests */,
			);
		};
/* End PBXProject section */

/* Begin PBXResourcesBuildPhase section */
		06D8711F1F71E64900B0111C /* Resources */ = {
			isa = PBXResourcesBuildPhase;
			buildActionMask = 2147483647;
			files = (
				06D8712C1F71E64900B0111C /* Assets.xcassets in Resources */,
				06CEB2071F71F95300723709 /* Localizable.strings in Resources */,
				06CEB2021F71F93200723709 /* InfoPlist.strings in Resources */,
			);
			runOnlyForDeploymentPostprocessing = 0;
		};
		06FE75661F804FB900E144A7 /* Resources */ = {
			isa = PBXResourcesBuildPhase;
			buildActionMask = 2147483647;
			files = (
			);
			runOnlyForDeploymentPostprocessing = 0;
		};
/* End PBXResourcesBuildPhase section */

/* Begin PBXShellScriptBuildPhase section */
		0621A5351F7F437000FF78C2 /* Setup Env.swift */ = {
			isa = PBXShellScriptBuildPhase;
			buildActionMask = 2147483647;
			files = (
			);
			inputPaths = (
			);
			name = "Setup Env.swift";
			outputPaths = (
			);
			runOnlyForDeploymentPostprocessing = 0;
			shellPath = /bin/sh;
			shellScript = "exec \"${SRCROOT}/Scripts/generate-env-swift.sh\" \"${SRCROOT}/Env.swift\"";
		};
		0621A5381F7F62FB00FF78C2 /* Swift Lint */ = {
			isa = PBXShellScriptBuildPhase;
			buildActionMask = 2147483647;
			files = (
			);
			inputPaths = (
			);
			name = "Swift Lint";
			outputPaths = (
			);
			runOnlyForDeploymentPostprocessing = 0;
			shellPath = /bin/sh;
			shellScript = "if which swiftlint >/dev/null; then\nswiftlint autocorrect\nswiftlint lint\nelse\necho \"warning: SwiftLint not installed, download from https://github.com/realm/SwiftLint\"\nfi";
		};
		06E75F2B1F7C85BE00540DE3 /* Copy Frameworks */ = {
			isa = PBXShellScriptBuildPhase;
			buildActionMask = 2147483647;
			files = (
			);
			inputPaths = (
				"$(SRCROOT)/Carthage/Build/iOS/Realm.framework",
				"$(SRCROOT)/Carthage/Build/iOS/RealmSwift.framework",
			);
			name = "Copy Frameworks";
			outputPaths = (
			);
			runOnlyForDeploymentPostprocessing = 0;
			shellPath = /bin/sh;
			shellScript = "/usr/local/bin/carthage copy-frameworks\n";
		};
/* End PBXShellScriptBuildPhase section */

/* Begin PBXSourcesBuildPhase section */
		06D8711D1F71E64900B0111C /* Sources */ = {
			isa = PBXSourcesBuildPhase;
			buildActionMask = 2147483647;
			files = (
				06E75F421F7C9FFD00540DE3 /* Team.swift in Sources */,
				0621A5371F7F458900FF78C2 /* Env.swift in Sources */,
				06D871271F71E64900B0111C /* AppController.swift in Sources */,
				0669EA351F76C52400516670 /* BracketView.swift in Sources */,
				0642D0201F95B1B200172952 /* Bracket.swift in Sources */,
				06861D9E1F720F4A00E8C020 /* SeriesView.swift in Sources */,
				06E75F301F7C861E00540DE3 /* Game.swift in Sources */,
				06E75F281F7C81A700540DE3 /* BracketDataSource.swift in Sources */,
				06E75F2E1F7C861500540DE3 /* Event.swift in Sources */,
				06E75F321F7C862A00540DE3 /* Period.swift in Sources */,
				06861DA31F760FFC00E8C020 /* BracketLineView.swift in Sources */,
				06861D9C1F720F1B00E8C020 /* TreeView.swift in Sources */,
				063A2B911FC3E8AD000FE0E3 /* MatchupGameCell.swift in Sources */,
				06E75F2A1F7C822100540DE3 /* Store.swift in Sources */,
				06E75F441F7CB3F100540DE3 /* TeamView.swift in Sources */,
				0642D0241F95BD9700172952 /* RealmSwift+Codable.swift in Sources */,
				06861DA51F76198F00E8C020 /* Series.swift in Sources */,
				063A2B981FC3F010000FE0E3 /* MatchupGameView.swift in Sources */,
				063A2B8B1FC3D565000FE0E3 /* MatchupDataSource.swift in Sources */,
				063A2B8D1FC3D5B9000FE0E3 /* MatchupDelegate.swift in Sources */,
				063A2B831FC3C5A3000FE0E3 /* Realm+Cascading.swift in Sources */,
				063A2B9A1FC3F08F000FE0E3 /* AutoLayout+Extensions.swift in Sources */,
				06E75F361F7C863800540DE3 /* Matchup.swift in Sources */,
				0698B4B11FA41E7400947FE2 /* UIColor+Hex.swift in Sources */,
				069D3EB61F7F37E700080AA0 /* API.swift in Sources */,
				06D8D2D11F71F7DB00F82A49 /* BracketCoordinator.swift in Sources */,
				06CEB20E1F71FF7700723709 /* BracketController.swift in Sources */,
				0698B4B31FA4201000947FE2 /* MatchupTeam.swift in Sources */,
				063A2B941FC3E8E9000FE0E3 /* Reusable.swift in Sources */,
				06D871251F71E64900B0111C /* AppDelegate.swift in Sources */,
				06DD09561F81D7B0008E9824 /* MatchupController.swift in Sources */,
			);
			runOnlyForDeploymentPostprocessing = 0;
		};
		06FE75641F804FB900E144A7 /* Sources */ = {
			isa = PBXSourcesBuildPhase;
			buildActionMask = 2147483647;
			files = (
				06FE756B1F804FB900E144A7 /* HockeyPlayoffsTests.swift in Sources */,
			);
			runOnlyForDeploymentPostprocessing = 0;
		};
/* End PBXSourcesBuildPhase section */

/* Begin PBXTargetDependency section */
		06FE756E1F804FB900E144A7 /* PBXTargetDependency */ = {
			isa = PBXTargetDependency;
			target = 06D871201F71E64900B0111C /* HockeyPlayoffs */;
			targetProxy = 06FE756D1F804FB900E144A7 /* PBXContainerItemProxy */;
		};
/* End PBXTargetDependency section */

/* Begin PBXVariantGroup section */
		06CEB2041F71F93200723709 /* InfoPlist.strings */ = {
			isa = PBXVariantGroup;
			children = (
				06CEB2031F71F93200723709 /* en */,
				06CEB20B1F71FA1C00723709 /* fr */,
			);
			name = InfoPlist.strings;
			path = .;
			sourceTree = "<group>";
		};
		06CEB2091F71F95300723709 /* Localizable.strings */ = {
			isa = PBXVariantGroup;
			children = (
				06CEB2081F71F95300723709 /* en */,
				06CEB20C1F71FA1C00723709 /* fr */,
			);
			name = Localizable.strings;
			path = .;
			sourceTree = "<group>";
		};
/* End PBXVariantGroup section */

/* Begin XCBuildConfiguration section */
		06D871311F71E64900B0111C /* Debug */ = {
			isa = XCBuildConfiguration;
			buildSettings = {
				ALWAYS_SEARCH_USER_PATHS = NO;
				CLANG_ANALYZER_LOCALIZABILITY_NONLOCALIZED = YES;
				CLANG_ANALYZER_NONNULL = YES;
				CLANG_ANALYZER_NUMBER_OBJECT_CONVERSION = YES_AGGRESSIVE;
				CLANG_CXX_LANGUAGE_STANDARD = "gnu++14";
				CLANG_CXX_LIBRARY = "libc++";
				CLANG_ENABLE_MODULES = YES;
				CLANG_ENABLE_OBJC_ARC = YES;
				CLANG_WARN_BLOCK_CAPTURE_AUTORELEASING = YES;
				CLANG_WARN_BOOL_CONVERSION = YES;
				CLANG_WARN_COMMA = YES;
				CLANG_WARN_CONSTANT_CONVERSION = YES;
				CLANG_WARN_DIRECT_OBJC_ISA_USAGE = YES_ERROR;
				CLANG_WARN_DOCUMENTATION_COMMENTS = YES;
				CLANG_WARN_EMPTY_BODY = YES;
				CLANG_WARN_ENUM_CONVERSION = YES;
				CLANG_WARN_INFINITE_RECURSION = YES;
				CLANG_WARN_INT_CONVERSION = YES;
				CLANG_WARN_NON_LITERAL_NULL_CONVERSION = YES;
				CLANG_WARN_OBJC_LITERAL_CONVERSION = YES;
				CLANG_WARN_OBJC_ROOT_CLASS = YES_ERROR;
				CLANG_WARN_RANGE_LOOP_ANALYSIS = YES;
				CLANG_WARN_STRICT_PROTOTYPES = YES;
				CLANG_WARN_SUSPICIOUS_MOVE = YES;
				CLANG_WARN_UNGUARDED_AVAILABILITY = YES_AGGRESSIVE;
				CLANG_WARN_UNREACHABLE_CODE = YES;
				CLANG_WARN__DUPLICATE_METHOD_MATCH = YES;
				CODE_SIGN_IDENTITY = "iPhone Developer";
				COPY_PHASE_STRIP = NO;
				DEBUG_INFORMATION_FORMAT = dwarf;
				ENABLE_STRICT_OBJC_MSGSEND = YES;
				ENABLE_TESTABILITY = YES;
				GCC_C_LANGUAGE_STANDARD = gnu11;
				GCC_DYNAMIC_NO_PIC = NO;
				GCC_NO_COMMON_BLOCKS = YES;
				GCC_OPTIMIZATION_LEVEL = 0;
				GCC_PREPROCESSOR_DEFINITIONS = (
					"DEBUG=1",
					"$(inherited)",
				);
				GCC_WARN_64_TO_32_BIT_CONVERSION = YES;
				GCC_WARN_ABOUT_RETURN_TYPE = YES_ERROR;
				GCC_WARN_UNDECLARED_SELECTOR = YES;
				GCC_WARN_UNINITIALIZED_AUTOS = YES_AGGRESSIVE;
				GCC_WARN_UNUSED_FUNCTION = YES;
				GCC_WARN_UNUSED_VARIABLE = YES;
				IPHONEOS_DEPLOYMENT_TARGET = 11.0;
				MTL_ENABLE_DEBUG_INFO = YES;
				ONLY_ACTIVE_ARCH = YES;
				SDKROOT = iphoneos;
				SWIFT_ACTIVE_COMPILATION_CONDITIONS = DEBUG;
				SWIFT_OPTIMIZATION_LEVEL = "-Onone";
			};
			name = Debug;
		};
		06D871321F71E64900B0111C /* Release */ = {
			isa = XCBuildConfiguration;
			buildSettings = {
				ALWAYS_SEARCH_USER_PATHS = NO;
				CLANG_ANALYZER_LOCALIZABILITY_NONLOCALIZED = YES;
				CLANG_ANALYZER_NONNULL = YES;
				CLANG_ANALYZER_NUMBER_OBJECT_CONVERSION = YES_AGGRESSIVE;
				CLANG_CXX_LANGUAGE_STANDARD = "gnu++14";
				CLANG_CXX_LIBRARY = "libc++";
				CLANG_ENABLE_MODULES = YES;
				CLANG_ENABLE_OBJC_ARC = YES;
				CLANG_WARN_BLOCK_CAPTURE_AUTORELEASING = YES;
				CLANG_WARN_BOOL_CONVERSION = YES;
				CLANG_WARN_COMMA = YES;
				CLANG_WARN_CONSTANT_CONVERSION = YES;
				CLANG_WARN_DIRECT_OBJC_ISA_USAGE = YES_ERROR;
				CLANG_WARN_DOCUMENTATION_COMMENTS = YES;
				CLANG_WARN_EMPTY_BODY = YES;
				CLANG_WARN_ENUM_CONVERSION = YES;
				CLANG_WARN_INFINITE_RECURSION = YES;
				CLANG_WARN_INT_CONVERSION = YES;
				CLANG_WARN_NON_LITERAL_NULL_CONVERSION = YES;
				CLANG_WARN_OBJC_LITERAL_CONVERSION = YES;
				CLANG_WARN_OBJC_ROOT_CLASS = YES_ERROR;
				CLANG_WARN_RANGE_LOOP_ANALYSIS = YES;
				CLANG_WARN_STRICT_PROTOTYPES = YES;
				CLANG_WARN_SUSPICIOUS_MOVE = YES;
				CLANG_WARN_UNGUARDED_AVAILABILITY = YES_AGGRESSIVE;
				CLANG_WARN_UNREACHABLE_CODE = YES;
				CLANG_WARN__DUPLICATE_METHOD_MATCH = YES;
				CODE_SIGN_IDENTITY = "iPhone Developer";
				COPY_PHASE_STRIP = NO;
				DEBUG_INFORMATION_FORMAT = "dwarf-with-dsym";
				ENABLE_NS_ASSERTIONS = NO;
				ENABLE_STRICT_OBJC_MSGSEND = YES;
				GCC_C_LANGUAGE_STANDARD = gnu11;
				GCC_NO_COMMON_BLOCKS = YES;
				GCC_WARN_64_TO_32_BIT_CONVERSION = YES;
				GCC_WARN_ABOUT_RETURN_TYPE = YES_ERROR;
				GCC_WARN_UNDECLARED_SELECTOR = YES;
				GCC_WARN_UNINITIALIZED_AUTOS = YES_AGGRESSIVE;
				GCC_WARN_UNUSED_FUNCTION = YES;
				GCC_WARN_UNUSED_VARIABLE = YES;
				IPHONEOS_DEPLOYMENT_TARGET = 11.0;
				MTL_ENABLE_DEBUG_INFO = NO;
				SDKROOT = iphoneos;
				SWIFT_OPTIMIZATION_LEVEL = "-Owholemodule";
				VALIDATE_PRODUCT = YES;
			};
			name = Release;
		};
		06D871341F71E64900B0111C /* Debug */ = {
			isa = XCBuildConfiguration;
			buildSettings = {
				ASSETCATALOG_COMPILER_APPICON_NAME = AppIcon;
				ASSETCATALOG_COMPILER_LAUNCHIMAGE_NAME = LaunchImage;
				CODE_SIGN_STYLE = Automatic;
				DEVELOPMENT_TEAM = W78ZZKUER7;
				FRAMEWORK_SEARCH_PATHS = (
					"$(inherited)",
					"$(PROJECT_DIR)/Carthage/Build/iOS",
				);
				INFOPLIST_FILE = HockeyPlayoffs/Resources/Info.plist;
				IPHONEOS_DEPLOYMENT_TARGET = 9.0;
				LD_RUNPATH_SEARCH_PATHS = "$(inherited) @executable_path/Frameworks";
				PRODUCT_BUNDLE_IDENTIFIER = "com.pierremarcairoldi.hockey-playoffs";
				PRODUCT_NAME = "$(TARGET_NAME)";
				SWIFT_VERSION = 4.0;
				TARGETED_DEVICE_FAMILY = 1;
			};
			name = Debug;
		};
		06D871351F71E64900B0111C /* Release */ = {
			isa = XCBuildConfiguration;
			buildSettings = {
				ASSETCATALOG_COMPILER_APPICON_NAME = AppIcon;
				ASSETCATALOG_COMPILER_LAUNCHIMAGE_NAME = LaunchImage;
				CODE_SIGN_STYLE = Automatic;
				DEVELOPMENT_TEAM = W78ZZKUER7;
				FRAMEWORK_SEARCH_PATHS = (
					"$(inherited)",
					"$(PROJECT_DIR)/Carthage/Build/iOS",
				);
				INFOPLIST_FILE = HockeyPlayoffs/Resources/Info.plist;
				IPHONEOS_DEPLOYMENT_TARGET = 9.0;
				LD_RUNPATH_SEARCH_PATHS = "$(inherited) @executable_path/Frameworks";
				PRODUCT_BUNDLE_IDENTIFIER = "com.pierremarcairoldi.hockey-playoffs";
				PRODUCT_NAME = "$(TARGET_NAME)";
				SWIFT_VERSION = 4.0;
				TARGETED_DEVICE_FAMILY = 1;
			};
			name = Release;
		};
		06FE75701F804FB900E144A7 /* Debug */ = {
			isa = XCBuildConfiguration;
			buildSettings = {
				BUNDLE_LOADER = "$(TEST_HOST)";
				CODE_SIGN_STYLE = Automatic;
				DEVELOPMENT_TEAM = W78ZZKUER7;
				INFOPLIST_FILE = HockeyPlayoffsTests/Resources/Info.plist;
				LD_RUNPATH_SEARCH_PATHS = "$(inherited) @executable_path/Frameworks @loader_path/Frameworks";
				PRODUCT_BUNDLE_IDENTIFIER = "com.pierremarcairoldi.hockey-playoffs-tests";
				PRODUCT_NAME = "$(TARGET_NAME)";
				SWIFT_VERSION = 4.0;
				TARGETED_DEVICE_FAMILY = "1,2";
				TEST_HOST = "$(BUILT_PRODUCTS_DIR)/HockeyPlayoffs.app/HockeyPlayoffs";
			};
			name = Debug;
		};
		06FE75711F804FB900E144A7 /* Release */ = {
			isa = XCBuildConfiguration;
			buildSettings = {
				BUNDLE_LOADER = "$(TEST_HOST)";
				CODE_SIGN_STYLE = Automatic;
				DEVELOPMENT_TEAM = W78ZZKUER7;
				INFOPLIST_FILE = HockeyPlayoffsTests/Resources/Info.plist;
				LD_RUNPATH_SEARCH_PATHS = "$(inherited) @executable_path/Frameworks @loader_path/Frameworks";
				PRODUCT_BUNDLE_IDENTIFIER = "com.pierremarcairoldi.hockey-playoffs-tests";
				PRODUCT_NAME = "$(TARGET_NAME)";
				SWIFT_VERSION = 4.0;
				TARGETED_DEVICE_FAMILY = "1,2";
				TEST_HOST = "$(BUILT_PRODUCTS_DIR)/HockeyPlayoffs.app/HockeyPlayoffs";
			};
			name = Release;
		};
/* End XCBuildConfiguration section */

/* Begin XCConfigurationList section */
		06D8711C1F71E64900B0111C /* Build configuration list for PBXProject "HockeyPlayoffs" */ = {
			isa = XCConfigurationList;
			buildConfigurations = (
				06D871311F71E64900B0111C /* Debug */,
				06D871321F71E64900B0111C /* Release */,
			);
			defaultConfigurationIsVisible = 0;
			defaultConfigurationName = Release;
		};
		06D871331F71E64900B0111C /* Build configuration list for PBXNativeTarget "HockeyPlayoffs" */ = {
			isa = XCConfigurationList;
			buildConfigurations = (
				06D871341F71E64900B0111C /* Debug */,
				06D871351F71E64900B0111C /* Release */,
			);
			defaultConfigurationIsVisible = 0;
			defaultConfigurationName = Release;
		};
		06FE756F1F804FB900E144A7 /* Build configuration list for PBXNativeTarget "HockeyPlayoffsTests" */ = {
			isa = XCConfigurationList;
			buildConfigurations = (
				06FE75701F804FB900E144A7 /* Debug */,
				06FE75711F804FB900E144A7 /* Release */,
			);
			defaultConfigurationIsVisible = 0;
			defaultConfigurationName = Release;
		};
/* End XCConfigurationList section */
	};
	rootObject = 06D871191F71E64900B0111C /* Project object */;
}
