// !$*UTF8*$!
{
	archiveVersion = 1;
	classes = {
	};
	objectVersion = 46;
	objects = {

/* Begin PBXBuildFile section */
		062B24832065E42E005B175B /* Images.xcassets in Resources */ = {isa = PBXBuildFile; fileRef = 553F36001B39A65F00CCAE17 /* Images.xcassets */; };
		062B24972065E629005B175B /* Localizable.strings in Resources */ = {isa = PBXBuildFile; fileRef = 062B24932065E629005B175B /* Localizable.strings */; };
		062B24982065E629005B175B /* InfoPlist.strings in Resources */ = {isa = PBXBuildFile; fileRef = 062B24952065E629005B175B /* InfoPlist.strings */; };
		062B249D2065E6AF005B175B /* bad_teams.json in Resources */ = {isa = PBXBuildFile; fileRef = 065034D51E9F264D003A132F /* bad_teams.json */; };
		062B249E2065E6AF005B175B /* good_teams.json in Resources */ = {isa = PBXBuildFile; fileRef = 065034D61E9F264D003A132F /* good_teams.json */; };
		06B321E42065DD8300C4078F /* AppDelegate.m in Sources */ = {isa = PBXBuildFile; fileRef = 553F35C61B39A65F00CCAE17 /* AppDelegate.m */; };
		06B321E52065DD8E00C4078F /* Colors.m in Sources */ = {isa = PBXBuildFile; fileRef = 0667D71D1B3A6611009571A6 /* Colors.m */; };
		06B321E62065DD9400C4078F /* EventObject.m in Sources */ = {isa = PBXBuildFile; fileRef = 553F35D41B39A65F00CCAE17 /* EventObject.m */; };
		06B321E72065DD9800C4078F /* GameObject.m in Sources */ = {isa = PBXBuildFile; fileRef = 553F35D61B39A65F00CCAE17 /* GameObject.m */; };
		06B321E82065DD9A00C4078F /* PeriodObject.m in Sources */ = {isa = PBXBuildFile; fileRef = 553F35D81B39A65F00CCAE17 /* PeriodObject.m */; };
		06B321E92065DD9D00C4078F /* SeriesObject.m in Sources */ = {isa = PBXBuildFile; fileRef = 553F35DA1B39A65F00CCAE17 /* SeriesObject.m */; };
		06B321EA2065DD9F00C4078F /* TeamObject.m in Sources */ = {isa = PBXBuildFile; fileRef = 553F35DC1B39A65F00CCAE17 /* TeamObject.m */; };
		06B321EB2065DDA400C4078F /* APIRequestHandler.m in Sources */ = {isa = PBXBuildFile; fileRef = 553F35DF1B39A65F00CCAE17 /* APIRequestHandler.m */; };
		06B321EC2065DDAC00C4078F /* DatabaseHandler.m in Sources */ = {isa = PBXBuildFile; fileRef = 553F35E11B39A65F00CCAE17 /* DatabaseHandler.m */; };
		06B321ED2065DDAC00C4078F /* DateTimeHandler.m in Sources */ = {isa = PBXBuildFile; fileRef = 553F35E31B39A65F00CCAE17 /* DateTimeHandler.m */; };
		06B321EE2065DDAC00C4078F /* DictionaryHandler.m in Sources */ = {isa = PBXBuildFile; fileRef = 553F35E51B39A65F00CCAE17 /* DictionaryHandler.m */; };
		06B321EF2065DDAC00C4078F /* FileHandler.m in Sources */ = {isa = PBXBuildFile; fileRef = 553F35E71B39A65F00CCAE17 /* FileHandler.m */; };
		06B321F02065DDAC00C4078F /* FormatterHandler.m in Sources */ = {isa = PBXBuildFile; fileRef = 553F35E91B39A65F00CCAE17 /* FormatterHandler.m */; };
		06B321F12065DDAC00C4078F /* TeamHandler.m in Sources */ = {isa = PBXBuildFile; fileRef = 553F35EB1B39A65F00CCAE17 /* TeamHandler.m */; };
		06B321F22065DDAC00C4078F /* StringHandler.m in Sources */ = {isa = PBXBuildFile; fileRef = 553F36921B39AB9300CCAE17 /* StringHandler.m */; };
		06B321F32065DDB200C4078F /* NSObject+PMDescription.m in Sources */ = {isa = PBXBuildFile; fileRef = 553F35F11B39A65F00CCAE17 /* NSObject+PMDescription.m */; };
		06B321F52065DDBC00C4078F /* BracketModel.m in Sources */ = {isa = PBXBuildFile; fileRef = 553F35F41B39A65F00CCAE17 /* BracketModel.m */; };
		06B321F62065DDC300C4078F /* GameModel.m in Sources */ = {isa = PBXBuildFile; fileRef = 553F35F61B39A65F00CCAE17 /* GameModel.m */; };
		06B321F72065DDC300C4078F /* RecentGamesModel.m in Sources */ = {isa = PBXBuildFile; fileRef = 553F35F81B39A65F00CCAE17 /* RecentGamesModel.m */; };
		06B321F82065DDC300C4078F /* Rectangle.m in Sources */ = {isa = PBXBuildFile; fileRef = 553F35FA1B39A65F00CCAE17 /* Rectangle.m */; };
		06B321F92065DDC300C4078F /* SeriesModel.m in Sources */ = {isa = PBXBuildFile; fileRef = 553F35FC1B39A65F00CCAE17 /* SeriesModel.m */; };
		06B321FB2065DDE300C4078F /* BracketSection.m in Sources */ = {isa = PBXBuildFile; fileRef = 553F360E1B39A65F00CCAE17 /* BracketSection.m */; };
		06B321FC2065DDE300C4078F /* BracketView.m in Sources */ = {isa = PBXBuildFile; fileRef = 553F36101B39A65F00CCAE17 /* BracketView.m */; };
		06B321FD2065DDE300C4078F /* ExpandedVideoView.m in Sources */ = {isa = PBXBuildFile; fileRef = 553F36121B39A65F00CCAE17 /* ExpandedVideoView.m */; };
		06B321FE2065DDE300C4078F /* GameCell.m in Sources */ = {isa = PBXBuildFile; fileRef = 553F36141B39A65F00CCAE17 /* GameCell.m */; };
		06B321FF2065DDE300C4078F /* GameDetailCell.m in Sources */ = {isa = PBXBuildFile; fileRef = 553F36161B39A65F00CCAE17 /* GameDetailCell.m */; };
		06B322002065DDE300C4078F /* GameDetailHeader.m in Sources */ = {isa = PBXBuildFile; fileRef = 553F36181B39A65F00CCAE17 /* GameDetailHeader.m */; };
		06B322012065DDE300C4078F /* GameHeader.m in Sources */ = {isa = PBXBuildFile; fileRef = 553F361A1B39A65F00CCAE17 /* GameHeader.m */; };
		06B322022065DDE300C4078F /* GameOverviewView.m in Sources */ = {isa = PBXBuildFile; fileRef = 553F361C1B39A65F00CCAE17 /* GameOverviewView.m */; };
		06B322032065DDE300C4078F /* GameView.m in Sources */ = {isa = PBXBuildFile; fileRef = 553F361E1B39A65F00CCAE17 /* GameView.m */; };
		06B322042065DDE300C4078F /* NoContentTableView.m in Sources */ = {isa = PBXBuildFile; fileRef = 553F36201B39A65F00CCAE17 /* NoContentTableView.m */; };
		06B322052065DDE300C4078F /* NoDataTableViewCell.m in Sources */ = {isa = PBXBuildFile; fileRef = 553F36221B39A65F00CCAE17 /* NoDataTableViewCell.m */; };
		06B322062065DDE300C4078F /* PeriodScoresView.m in Sources */ = {isa = PBXBuildFile; fileRef = 553F36241B39A65F00CCAE17 /* PeriodScoresView.m */; };
		06B322072065DDE300C4078F /* PeriodScoreViewHeader.m in Sources */ = {isa = PBXBuildFile; fileRef = 553F36261B39A65F00CCAE17 /* PeriodScoreViewHeader.m */; };
		06B322082065DDE300C4078F /* RecentGamesView.m in Sources */ = {isa = PBXBuildFile; fileRef = 553F36281B39A65F00CCAE17 /* RecentGamesView.m */; };
		06B322092065DDE300C4078F /* RefreshTableViewCell.m in Sources */ = {isa = PBXBuildFile; fileRef = 553F362A1B39A65F00CCAE17 /* RefreshTableViewCell.m */; };
		06B3220A2065DDE300C4078F /* SeriesCell.m in Sources */ = {isa = PBXBuildFile; fileRef = 553F362C1B39A65F00CCAE17 /* SeriesCell.m */; };
		06B3220B2065DDE300C4078F /* SeriesHeader.m in Sources */ = {isa = PBXBuildFile; fileRef = 553F362E1B39A65F00CCAE17 /* SeriesHeader.m */; };
		06B3220C2065DDE300C4078F /* SeriesHeaderScoresView.m in Sources */ = {isa = PBXBuildFile; fileRef = 553F36301B39A65F00CCAE17 /* SeriesHeaderScoresView.m */; };
		06B3220D2065DDE300C4078F /* SeriesView.m in Sources */ = {isa = PBXBuildFile; fileRef = 553F36321B39A65F00CCAE17 /* SeriesView.m */; };
		06B3220E2065DDE300C4078F /* StrengthIndicator.m in Sources */ = {isa = PBXBuildFile; fileRef = 553F36341B39A65F00CCAE17 /* StrengthIndicator.m */; };
		06B3220F2065DDE300C4078F /* TeamImage.m in Sources */ = {isa = PBXBuildFile; fileRef = 553F36361B39A65F00CCAE17 /* TeamImage.m */; };
		06B322102065DDE300C4078F /* VideoButton.m in Sources */ = {isa = PBXBuildFile; fileRef = 553F36381B39A65F00CCAE17 /* VideoButton.m */; };
		06B322112065DDF100C4078F /* BaseUINavigationController.m in Sources */ = {isa = PBXBuildFile; fileRef = 553F363B1B39A65F00CCAE17 /* BaseUINavigationController.m */; };
		06B322122065DDF100C4078F /* BaseViewController.m in Sources */ = {isa = PBXBuildFile; fileRef = 553F363D1B39A65F00CCAE17 /* BaseViewController.m */; };
		06B322132065DDF100C4078F /* BracketViewController.m in Sources */ = {isa = PBXBuildFile; fileRef = 553F363F1B39A65F00CCAE17 /* BracketViewController.m */; };
		06B322142065DDF100C4078F /* GameViewController.m in Sources */ = {isa = PBXBuildFile; fileRef = 553F36411B39A65F00CCAE17 /* GameViewController.m */; };
		06B322152065DDF100C4078F /* NewsViewController.m in Sources */ = {isa = PBXBuildFile; fileRef = 553F36431B39A65F00CCAE17 /* NewsViewController.m */; };
		06B322162065DDF100C4078F /* RecentGamesViewController.m in Sources */ = {isa = PBXBuildFile; fileRef = 553F36451B39A65F00CCAE17 /* RecentGamesViewController.m */; };
		06B322172065DDF100C4078F /* SeriesViewController.m in Sources */ = {isa = PBXBuildFile; fileRef = 553F36471B39A65F00CCAE17 /* SeriesViewController.m */; };
		06B322182065DDF100C4078F /* SettingsViewController.m in Sources */ = {isa = PBXBuildFile; fileRef = 553F36491B39A65F00CCAE17 /* SettingsViewController.m */; };
		06B322192065DDF100C4078F /* StatisticsViewController.m in Sources */ = {isa = PBXBuildFile; fileRef = 553F364B1B39A65F00CCAE17 /* StatisticsViewController.m */; };
		06B3221A2065DDF100C4078F /* TabBarController.m in Sources */ = {isa = PBXBuildFile; fileRef = 553F364D1B39A65F00CCAE17 /* TabBarController.m */; };
		06B3221B2065DDF100C4078F /* TeamsViewController.m in Sources */ = {isa = PBXBuildFile; fileRef = 553F364F1B39A65F00CCAE17 /* TeamsViewController.m */; };
		06B3221C2065DDF100C4078F /* VideoPlayerViewController.m in Sources */ = {isa = PBXBuildFile; fileRef = 553F36511B39A65F00CCAE17 /* VideoPlayerViewController.m */; };
		06B3221D2065DE1000C4078F /* DateTimeHandlerTests.swift in Sources */ = {isa = PBXBuildFile; fileRef = 065034CE1E9F2617003A132F /* DateTimeHandlerTests.swift */; };
		06B3221E2065DE1000C4078F /* StringHandlerTests.swift in Sources */ = {isa = PBXBuildFile; fileRef = 065034CF1E9F2617003A132F /* StringHandlerTests.swift */; };
		06B3221F2065DE1000C4078F /* TeamHandlerTests.swift in Sources */ = {isa = PBXBuildFile; fileRef = 065034D01E9F2617003A132F /* TeamHandlerTests.swift */; };
		06B322202065DF6000C4078F /* main.m in Sources */ = {isa = PBXBuildFile; fileRef = 553F36091B39A65F00CCAE17 /* main.m */; };
		06B322222065DFD800C4078F /* UIKit.framework in Frameworks */ = {isa = PBXBuildFile; fileRef = 06B322212065DFD800C4078F /* UIKit.framework */; };
		06B322262065E0E100C4078F /* CoreGraphics.framework in Frameworks */ = {isa = PBXBuildFile; fileRef = 06B322252065E0E100C4078F /* CoreGraphics.framework */; };
		06B322282065E0EB00C4078F /* Foundation.framework in Frameworks */ = {isa = PBXBuildFile; fileRef = 06B322272065E0EB00C4078F /* Foundation.framework */; };
		06B322302065E32400C4078F /* hockey.sqlite in Resources */ = {isa = PBXBuildFile; fileRef = 553F35FF1B39A65F00CCAE17 /* hockey.sqlite */; };
		06B322312065E32400C4078F /* teams.json in Resources */ = {isa = PBXBuildFile; fileRef = 553F36981B39B84100CCAE17 /* teams.json */; };
		06D0A719206A022900B1B0F0 /* AVKit.framework in Frameworks */ = {isa = PBXBuildFile; fileRef = 06D0A718206A022900B1B0F0 /* AVKit.framework */; };
		06D0A723206A0DDB00B1B0F0 /* Screenshots.swift in Sources */ = {isa = PBXBuildFile; fileRef = 06D0A722206A0DDB00B1B0F0 /* Screenshots.swift */; };
		06D0A72B206A0EBD00B1B0F0 /* SnapshotHelper.swift in Sources */ = {isa = PBXBuildFile; fileRef = 06D0A72A206A0EBD00B1B0F0 /* SnapshotHelper.swift */; };
		06D422BD206B5F1B004768B9 /* Launch Screen.storyboard in Resources */ = {isa = PBXBuildFile; fileRef = 06D422BC206B5F1B004768B9 /* Launch Screen.storyboard */; };
		1EA83247F744D2371B152B2B /* Pods_HockeyPlayoffs.framework in Frameworks */ = {isa = PBXBuildFile; fileRef = 512637E7198F45B00CA73FD5 /* Pods_HockeyPlayoffs.framework */; };
		AE36B8636534A87DC6078B46 /* Pods_HockeyPlayoffsTests.framework in Frameworks */ = {isa = PBXBuildFile; fileRef = E6942ECC5B909F6E91FD56A8 /* Pods_HockeyPlayoffsTests.framework */; };
/* End PBXBuildFile section */

/* Begin PBXContainerItemProxy section */
		06B321DF2065DCF200C4078F /* PBXContainerItemProxy */ = {
			isa = PBXContainerItemProxy;
			containerPortal = 0684137D18B9A0CE00A89D7C /* Project object */;
			proxyType = 1;
			remoteGlobalIDString = 06B321BF2065DCE400C4078F;
			remoteInfo = HockeyPlayoffs;
		};
		06D0A725206A0DDB00B1B0F0 /* PBXContainerItemProxy */ = {
			isa = PBXContainerItemProxy;
			containerPortal = 0684137D18B9A0CE00A89D7C /* Project object */;
			proxyType = 1;
			remoteGlobalIDString = 06B321BF2065DCE400C4078F;
			remoteInfo = HockeyPlayoffs;
		};
/* End PBXContainerItemProxy section */

/* Begin PBXFileReference section */
		062B24992065E633005B175B /* en */ = {isa = PBXFileReference; lastKnownFileType = text.plist.strings; name = en; path = en.lproj/InfoPlist.strings; sourceTree = "<group>"; };
		062B249A2065E633005B175B /* en */ = {isa = PBXFileReference; lastKnownFileType = text.plist.strings; name = en; path = en.lproj/Localizable.strings; sourceTree = "<group>"; };
		065034CE1E9F2617003A132F /* DateTimeHandlerTests.swift */ = {isa = PBXFileReference; fileEncoding = 4; lastKnownFileType = sourcecode.swift; path = DateTimeHandlerTests.swift; sourceTree = "<group>"; };
		065034CF1E9F2617003A132F /* StringHandlerTests.swift */ = {isa = PBXFileReference; fileEncoding = 4; lastKnownFileType = sourcecode.swift; path = StringHandlerTests.swift; sourceTree = "<group>"; };
		065034D01E9F2617003A132F /* TeamHandlerTests.swift */ = {isa = PBXFileReference; fileEncoding = 4; lastKnownFileType = sourcecode.swift; path = TeamHandlerTests.swift; sourceTree = "<group>"; };
		065034D51E9F264D003A132F /* bad_teams.json */ = {isa = PBXFileReference; fileEncoding = 4; lastKnownFileType = text.json; path = bad_teams.json; sourceTree = "<group>"; };
		065034D61E9F264D003A132F /* good_teams.json */ = {isa = PBXFileReference; fileEncoding = 4; lastKnownFileType = text.json; path = good_teams.json; sourceTree = "<group>"; };
		0667D71C1B3A6611009571A6 /* Colors.h */ = {isa = PBXFileReference; fileEncoding = 4; lastKnownFileType = sourcecode.c.h; path = Colors.h; sourceTree = "<group>"; };
		0667D71D1B3A6611009571A6 /* Colors.m */ = {isa = PBXFileReference; fileEncoding = 4; lastKnownFileType = sourcecode.c.objc; path = Colors.m; sourceTree = "<group>"; };
		06B321C02065DCE400C4078F /* HockeyPlayoffs.app */ = {isa = PBXFileReference; explicitFileType = wrapper.application; includeInIndex = 0; path = HockeyPlayoffs.app; sourceTree = BUILT_PRODUCTS_DIR; };
		06B321DA2065DCF200C4078F /* HockeyPlayoffsTests.xctest */ = {isa = PBXFileReference; explicitFileType = wrapper.cfbundle; includeInIndex = 0; path = HockeyPlayoffsTests.xctest; sourceTree = BUILT_PRODUCTS_DIR; };
		06B321DE2065DCF200C4078F /* Info.plist */ = {isa = PBXFileReference; lastKnownFileType = text.plist.xml; path = Info.plist; sourceTree = "<group>"; };
		06B322212065DFD800C4078F /* UIKit.framework */ = {isa = PBXFileReference; lastKnownFileType = wrapper.framework; name = UIKit.framework; path = System/Library/Frameworks/UIKit.framework; sourceTree = SDKROOT; };
		06B322232065DFE500C4078F /* MediaPlayer.framework */ = {isa = PBXFileReference; lastKnownFileType = wrapper.framework; name = MediaPlayer.framework; path = System/Library/Frameworks/MediaPlayer.framework; sourceTree = SDKROOT; };
		06B322252065E0E100C4078F /* CoreGraphics.framework */ = {isa = PBXFileReference; lastKnownFileType = wrapper.framework; name = CoreGraphics.framework; path = System/Library/Frameworks/CoreGraphics.framework; sourceTree = SDKROOT; };
		06B322272065E0EB00C4078F /* Foundation.framework */ = {isa = PBXFileReference; lastKnownFileType = wrapper.framework; name = Foundation.framework; path = System/Library/Frameworks/Foundation.framework; sourceTree = SDKROOT; };
		06B3222B2065E11F00C4078F /* HockeyPlayoffsTests-Bridging-Header.h */ = {isa = PBXFileReference; lastKnownFileType = sourcecode.c.h; path = "HockeyPlayoffsTests-Bridging-Header.h"; sourceTree = "<group>"; };
		06D0A718206A022900B1B0F0 /* AVKit.framework */ = {isa = PBXFileReference; lastKnownFileType = wrapper.framework; name = AVKit.framework; path = System/Library/Frameworks/AVKit.framework; sourceTree = SDKROOT; };
		06D0A720206A0DDA00B1B0F0 /* Screenshots.xctest */ = {isa = PBXFileReference; explicitFileType = wrapper.cfbundle; includeInIndex = 0; path = Screenshots.xctest; sourceTree = BUILT_PRODUCTS_DIR; };
		06D0A722206A0DDB00B1B0F0 /* Screenshots.swift */ = {isa = PBXFileReference; lastKnownFileType = sourcecode.swift; path = Screenshots.swift; sourceTree = "<group>"; };
		06D0A724206A0DDB00B1B0F0 /* Info.plist */ = {isa = PBXFileReference; lastKnownFileType = text.plist.xml; path = Info.plist; sourceTree = "<group>"; };
		06D0A72A206A0EBD00B1B0F0 /* SnapshotHelper.swift */ = {isa = PBXFileReference; fileEncoding = 4; lastKnownFileType = sourcecode.swift; path = SnapshotHelper.swift; sourceTree = "<group>"; };
		06D422BC206B5F1B004768B9 /* Launch Screen.storyboard */ = {isa = PBXFileReference; lastKnownFileType = file.storyboard; path = "Launch Screen.storyboard"; sourceTree = "<group>"; };
		0AD493D77F0A0928DF21E202 /* Pods-HockeyPlayoffs.debug.xcconfig */ = {isa = PBXFileReference; includeInIndex = 1; lastKnownFileType = text.xcconfig; name = "Pods-HockeyPlayoffs.debug.xcconfig"; path = "Pods/Target Support Files/Pods-HockeyPlayoffs/Pods-HockeyPlayoffs.debug.xcconfig"; sourceTree = "<group>"; };
		2DC2F281EE6D83021FF56E41 /* Pods-HockeyPlayoffsTests.release.xcconfig */ = {isa = PBXFileReference; includeInIndex = 1; lastKnownFileType = text.xcconfig; name = "Pods-HockeyPlayoffsTests.release.xcconfig"; path = "Pods/Target Support Files/Pods-HockeyPlayoffsTests/Pods-HockeyPlayoffsTests.release.xcconfig"; sourceTree = "<group>"; };
		512637E7198F45B00CA73FD5 /* Pods_HockeyPlayoffs.framework */ = {isa = PBXFileReference; explicitFileType = wrapper.framework; includeInIndex = 0; path = Pods_HockeyPlayoffs.framework; sourceTree = BUILT_PRODUCTS_DIR; };
		553F35C51B39A65F00CCAE17 /* AppDelegate.h */ = {isa = PBXFileReference; fileEncoding = 4; lastKnownFileType = sourcecode.c.h; path = AppDelegate.h; sourceTree = "<group>"; };
		553F35C61B39A65F00CCAE17 /* AppDelegate.m */ = {isa = PBXFileReference; fileEncoding = 4; lastKnownFileType = sourcecode.c.objc; path = AppDelegate.m; sourceTree = "<group>"; };
		553F35C81B39A65F00CCAE17 /* Animations.h */ = {isa = PBXFileReference; fileEncoding = 4; lastKnownFileType = sourcecode.c.h; path = Animations.h; sourceTree = "<group>"; };
		553F35C91B39A65F00CCAE17 /* APIIdentifiers.h */ = {isa = PBXFileReference; fileEncoding = 4; lastKnownFileType = sourcecode.c.h; path = APIIdentifiers.h; sourceTree = "<group>"; };
		553F35CB1B39A65F00CCAE17 /* Dimensions.h */ = {isa = PBXFileReference; fileEncoding = 4; lastKnownFileType = sourcecode.c.h; path = Dimensions.h; sourceTree = "<group>"; };
		553F35CC1B39A65F00CCAE17 /* Enums.h */ = {isa = PBXFileReference; fileEncoding = 4; lastKnownFileType = sourcecode.c.h; path = Enums.h; sourceTree = "<group>"; };
		553F35CD1B39A65F00CCAE17 /* Images.h */ = {isa = PBXFileReference; fileEncoding = 4; lastKnownFileType = sourcecode.c.h; path = Images.h; sourceTree = "<group>"; };
		553F35CE1B39A65F00CCAE17 /* Notifications.h */ = {isa = PBXFileReference; fileEncoding = 4; lastKnownFileType = sourcecode.c.h; path = Notifications.h; sourceTree = "<group>"; };
		553F35CF1B39A65F00CCAE17 /* Queues.h */ = {isa = PBXFileReference; fileEncoding = 4; lastKnownFileType = sourcecode.c.h; path = Queues.h; sourceTree = "<group>"; };
		553F35D01B39A65F00CCAE17 /* ReuseIdentifiers.h */ = {isa = PBXFileReference; fileEncoding = 4; lastKnownFileType = sourcecode.c.h; path = ReuseIdentifiers.h; sourceTree = "<group>"; };
		553F35D11B39A65F00CCAE17 /* Rotation.h */ = {isa = PBXFileReference; fileEncoding = 4; lastKnownFileType = sourcecode.c.h; path = Rotation.h; sourceTree = "<group>"; };
		553F35D31B39A65F00CCAE17 /* EventObject.h */ = {isa = PBXFileReference; fileEncoding = 4; lastKnownFileType = sourcecode.c.h; path = EventObject.h; sourceTree = "<group>"; };
		553F35D41B39A65F00CCAE17 /* EventObject.m */ = {isa = PBXFileReference; fileEncoding = 4; lastKnownFileType = sourcecode.c.objc; path = EventObject.m; sourceTree = "<group>"; };
		553F35D51B39A65F00CCAE17 /* GameObject.h */ = {isa = PBXFileReference; fileEncoding = 4; lastKnownFileType = sourcecode.c.h; path = GameObject.h; sourceTree = "<group>"; };
		553F35D61B39A65F00CCAE17 /* GameObject.m */ = {isa = PBXFileReference; fileEncoding = 4; lastKnownFileType = sourcecode.c.objc; path = GameObject.m; sourceTree = "<group>"; };
		553F35D71B39A65F00CCAE17 /* PeriodObject.h */ = {isa = PBXFileReference; fileEncoding = 4; lastKnownFileType = sourcecode.c.h; path = PeriodObject.h; sourceTree = "<group>"; };
		553F35D81B39A65F00CCAE17 /* PeriodObject.m */ = {isa = PBXFileReference; fileEncoding = 4; lastKnownFileType = sourcecode.c.objc; path = PeriodObject.m; sourceTree = "<group>"; };
		553F35D91B39A65F00CCAE17 /* SeriesObject.h */ = {isa = PBXFileReference; fileEncoding = 4; lastKnownFileType = sourcecode.c.h; path = SeriesObject.h; sourceTree = "<group>"; };
		553F35DA1B39A65F00CCAE17 /* SeriesObject.m */ = {isa = PBXFileReference; fileEncoding = 4; lastKnownFileType = sourcecode.c.objc; path = SeriesObject.m; sourceTree = "<group>"; };
		553F35DB1B39A65F00CCAE17 /* TeamObject.h */ = {isa = PBXFileReference; fileEncoding = 4; lastKnownFileType = sourcecode.c.h; path = TeamObject.h; sourceTree = "<group>"; };
		553F35DC1B39A65F00CCAE17 /* TeamObject.m */ = {isa = PBXFileReference; fileEncoding = 4; lastKnownFileType = sourcecode.c.objc; path = TeamObject.m; sourceTree = "<group>"; };
		553F35DE1B39A65F00CCAE17 /* APIRequestHandler.h */ = {isa = PBXFileReference; fileEncoding = 4; lastKnownFileType = sourcecode.c.h; path = APIRequestHandler.h; sourceTree = "<group>"; };
		553F35DF1B39A65F00CCAE17 /* APIRequestHandler.m */ = {isa = PBXFileReference; fileEncoding = 4; lastKnownFileType = sourcecode.c.objc; path = APIRequestHandler.m; sourceTree = "<group>"; };
		553F35E01B39A65F00CCAE17 /* DatabaseHandler.h */ = {isa = PBXFileReference; fileEncoding = 4; lastKnownFileType = sourcecode.c.h; path = DatabaseHandler.h; sourceTree = "<group>"; };
		553F35E11B39A65F00CCAE17 /* DatabaseHandler.m */ = {isa = PBXFileReference; fileEncoding = 4; lastKnownFileType = sourcecode.c.objc; path = DatabaseHandler.m; sourceTree = "<group>"; };
		553F35E21B39A65F00CCAE17 /* DateTimeHandler.h */ = {isa = PBXFileReference; fileEncoding = 4; lastKnownFileType = sourcecode.c.h; path = DateTimeHandler.h; sourceTree = "<group>"; };
		553F35E31B39A65F00CCAE17 /* DateTimeHandler.m */ = {isa = PBXFileReference; fileEncoding = 4; lastKnownFileType = sourcecode.c.objc; path = DateTimeHandler.m; sourceTree = "<group>"; };
		553F35E41B39A65F00CCAE17 /* DictionaryHandler.h */ = {isa = PBXFileReference; fileEncoding = 4; lastKnownFileType = sourcecode.c.h; path = DictionaryHandler.h; sourceTree = "<group>"; };
		553F35E51B39A65F00CCAE17 /* DictionaryHandler.m */ = {isa = PBXFileReference; fileEncoding = 4; lastKnownFileType = sourcecode.c.objc; path = DictionaryHandler.m; sourceTree = "<group>"; };
		553F35E61B39A65F00CCAE17 /* FileHandler.h */ = {isa = PBXFileReference; fileEncoding = 4; lastKnownFileType = sourcecode.c.h; path = FileHandler.h; sourceTree = "<group>"; };
		553F35E71B39A65F00CCAE17 /* FileHandler.m */ = {isa = PBXFileReference; fileEncoding = 4; lastKnownFileType = sourcecode.c.objc; path = FileHandler.m; sourceTree = "<group>"; };
		553F35E81B39A65F00CCAE17 /* FormatterHandler.h */ = {isa = PBXFileReference; fileEncoding = 4; lastKnownFileType = sourcecode.c.h; path = FormatterHandler.h; sourceTree = "<group>"; };
		553F35E91B39A65F00CCAE17 /* FormatterHandler.m */ = {isa = PBXFileReference; fileEncoding = 4; lastKnownFileType = sourcecode.c.objc; path = FormatterHandler.m; sourceTree = "<group>"; };
		553F35EA1B39A65F00CCAE17 /* TeamHandler.h */ = {isa = PBXFileReference; fileEncoding = 4; lastKnownFileType = sourcecode.c.h; path = TeamHandler.h; sourceTree = "<group>"; };
		553F35EB1B39A65F00CCAE17 /* TeamHandler.m */ = {isa = PBXFileReference; fileEncoding = 4; lastKnownFileType = sourcecode.c.objc; path = TeamHandler.m; sourceTree = "<group>"; };
		553F35F01B39A65F00CCAE17 /* NSObject+PMDescription.h */ = {isa = PBXFileReference; fileEncoding = 4; lastKnownFileType = sourcecode.c.h; path = "NSObject+PMDescription.h"; sourceTree = "<group>"; };
		553F35F11B39A65F00CCAE17 /* NSObject+PMDescription.m */ = {isa = PBXFileReference; fileEncoding = 4; lastKnownFileType = sourcecode.c.objc; path = "NSObject+PMDescription.m"; sourceTree = "<group>"; };
		553F35F31B39A65F00CCAE17 /* BracketModel.h */ = {isa = PBXFileReference; fileEncoding = 4; lastKnownFileType = sourcecode.c.h; path = BracketModel.h; sourceTree = "<group>"; };
		553F35F41B39A65F00CCAE17 /* BracketModel.m */ = {isa = PBXFileReference; fileEncoding = 4; lastKnownFileType = sourcecode.c.objc; path = BracketModel.m; sourceTree = "<group>"; };
		553F35F51B39A65F00CCAE17 /* GameModel.h */ = {isa = PBXFileReference; fileEncoding = 4; lastKnownFileType = sourcecode.c.h; path = GameModel.h; sourceTree = "<group>"; };
		553F35F61B39A65F00CCAE17 /* GameModel.m */ = {isa = PBXFileReference; fileEncoding = 4; lastKnownFileType = sourcecode.c.objc; path = GameModel.m; sourceTree = "<group>"; };
		553F35F71B39A65F00CCAE17 /* RecentGamesModel.h */ = {isa = PBXFileReference; fileEncoding = 4; lastKnownFileType = sourcecode.c.h; path = RecentGamesModel.h; sourceTree = "<group>"; };
		553F35F81B39A65F00CCAE17 /* RecentGamesModel.m */ = {isa = PBXFileReference; fileEncoding = 4; lastKnownFileType = sourcecode.c.objc; path = RecentGamesModel.m; sourceTree = "<group>"; };
		553F35F91B39A65F00CCAE17 /* Rectangle.h */ = {isa = PBXFileReference; fileEncoding = 4; lastKnownFileType = sourcecode.c.h; path = Rectangle.h; sourceTree = "<group>"; };
		553F35FA1B39A65F00CCAE17 /* Rectangle.m */ = {isa = PBXFileReference; fileEncoding = 4; lastKnownFileType = sourcecode.c.objc; path = Rectangle.m; sourceTree = "<group>"; };
		553F35FB1B39A65F00CCAE17 /* SeriesModel.h */ = {isa = PBXFileReference; fileEncoding = 4; lastKnownFileType = sourcecode.c.h; path = SeriesModel.h; sourceTree = "<group>"; };
		553F35FC1B39A65F00CCAE17 /* SeriesModel.m */ = {isa = PBXFileReference; fileEncoding = 4; lastKnownFileType = sourcecode.c.objc; path = SeriesModel.m; sourceTree = "<group>"; };
		553F35FE1B39A65F00CCAE17 /* hockey.sql */ = {isa = PBXFileReference; fileEncoding = 4; lastKnownFileType = text; path = hockey.sql; sourceTree = "<group>"; };
		553F35FF1B39A65F00CCAE17 /* hockey.sqlite */ = {isa = PBXFileReference; lastKnownFileType = file; path = hockey.sqlite; sourceTree = "<group>"; };
		553F36001B39A65F00CCAE17 /* Images.xcassets */ = {isa = PBXFileReference; lastKnownFileType = folder.assetcatalog; path = Images.xcassets; sourceTree = "<group>"; };
		553F36071B39A65F00CCAE17 /* Info.plist */ = {isa = PBXFileReference; lastKnownFileType = text.plist.xml; path = Info.plist; sourceTree = "<group>"; };
		553F36081B39A65F00CCAE17 /* Prefix.pch */ = {isa = PBXFileReference; fileEncoding = 4; lastKnownFileType = sourcecode.c.h; path = Prefix.pch; sourceTree = "<group>"; };
		553F36091B39A65F00CCAE17 /* main.m */ = {isa = PBXFileReference; fileEncoding = 4; lastKnownFileType = sourcecode.c.objc; path = main.m; sourceTree = "<group>"; };
		553F360D1B39A65F00CCAE17 /* BracketSection.h */ = {isa = PBXFileReference; fileEncoding = 4; lastKnownFileType = sourcecode.c.h; path = BracketSection.h; sourceTree = "<group>"; };
		553F360E1B39A65F00CCAE17 /* BracketSection.m */ = {isa = PBXFileReference; fileEncoding = 4; lastKnownFileType = sourcecode.c.objc; path = BracketSection.m; sourceTree = "<group>"; };
		553F360F1B39A65F00CCAE17 /* BracketView.h */ = {isa = PBXFileReference; fileEncoding = 4; lastKnownFileType = sourcecode.c.h; path = BracketView.h; sourceTree = "<group>"; };
		553F36101B39A65F00CCAE17 /* BracketView.m */ = {isa = PBXFileReference; fileEncoding = 4; lastKnownFileType = sourcecode.c.objc; path = BracketView.m; sourceTree = "<group>"; };
		553F36111B39A65F00CCAE17 /* ExpandedVideoView.h */ = {isa = PBXFileReference; fileEncoding = 4; lastKnownFileType = sourcecode.c.h; path = ExpandedVideoView.h; sourceTree = "<group>"; };
		553F36121B39A65F00CCAE17 /* ExpandedVideoView.m */ = {isa = PBXFileReference; fileEncoding = 4; lastKnownFileType = sourcecode.c.objc; path = ExpandedVideoView.m; sourceTree = "<group>"; };
		553F36131B39A65F00CCAE17 /* GameCell.h */ = {isa = PBXFileReference; fileEncoding = 4; lastKnownFileType = sourcecode.c.h; path = GameCell.h; sourceTree = "<group>"; };
		553F36141B39A65F00CCAE17 /* GameCell.m */ = {isa = PBXFileReference; fileEncoding = 4; lastKnownFileType = sourcecode.c.objc; path = GameCell.m; sourceTree = "<group>"; };
		553F36151B39A65F00CCAE17 /* GameDetailCell.h */ = {isa = PBXFileReference; fileEncoding = 4; lastKnownFileType = sourcecode.c.h; path = GameDetailCell.h; sourceTree = "<group>"; };
		553F36161B39A65F00CCAE17 /* GameDetailCell.m */ = {isa = PBXFileReference; fileEncoding = 4; lastKnownFileType = sourcecode.c.objc; path = GameDetailCell.m; sourceTree = "<group>"; };
		553F36171B39A65F00CCAE17 /* GameDetailHeader.h */ = {isa = PBXFileReference; fileEncoding = 4; lastKnownFileType = sourcecode.c.h; path = GameDetailHeader.h; sourceTree = "<group>"; };
		553F36181B39A65F00CCAE17 /* GameDetailHeader.m */ = {isa = PBXFileReference; fileEncoding = 4; lastKnownFileType = sourcecode.c.objc; path = GameDetailHeader.m; sourceTree = "<group>"; };
		553F36191B39A65F00CCAE17 /* GameHeader.h */ = {isa = PBXFileReference; fileEncoding = 4; lastKnownFileType = sourcecode.c.h; path = GameHeader.h; sourceTree = "<group>"; };
		553F361A1B39A65F00CCAE17 /* GameHeader.m */ = {isa = PBXFileReference; fileEncoding = 4; lastKnownFileType = sourcecode.c.objc; path = GameHeader.m; sourceTree = "<group>"; };
		553F361B1B39A65F00CCAE17 /* GameOverviewView.h */ = {isa = PBXFileReference; fileEncoding = 4; lastKnownFileType = sourcecode.c.h; path = GameOverviewView.h; sourceTree = "<group>"; };
		553F361C1B39A65F00CCAE17 /* GameOverviewView.m */ = {isa = PBXFileReference; fileEncoding = 4; lastKnownFileType = sourcecode.c.objc; path = GameOverviewView.m; sourceTree = "<group>"; };
		553F361D1B39A65F00CCAE17 /* GameView.h */ = {isa = PBXFileReference; fileEncoding = 4; lastKnownFileType = sourcecode.c.h; path = GameView.h; sourceTree = "<group>"; };
		553F361E1B39A65F00CCAE17 /* GameView.m */ = {isa = PBXFileReference; fileEncoding = 4; lastKnownFileType = sourcecode.c.objc; path = GameView.m; sourceTree = "<group>"; };
		553F361F1B39A65F00CCAE17 /* NoContentTableView.h */ = {isa = PBXFileReference; fileEncoding = 4; lastKnownFileType = sourcecode.c.h; path = NoContentTableView.h; sourceTree = "<group>"; };
		553F36201B39A65F00CCAE17 /* NoContentTableView.m */ = {isa = PBXFileReference; fileEncoding = 4; lastKnownFileType = sourcecode.c.objc; path = NoContentTableView.m; sourceTree = "<group>"; };
		553F36211B39A65F00CCAE17 /* NoDataTableViewCell.h */ = {isa = PBXFileReference; fileEncoding = 4; lastKnownFileType = sourcecode.c.h; path = NoDataTableViewCell.h; sourceTree = "<group>"; };
		553F36221B39A65F00CCAE17 /* NoDataTableViewCell.m */ = {isa = PBXFileReference; fileEncoding = 4; lastKnownFileType = sourcecode.c.objc; path = NoDataTableViewCell.m; sourceTree = "<group>"; };
		553F36231B39A65F00CCAE17 /* PeriodScoresView.h */ = {isa = PBXFileReference; fileEncoding = 4; lastKnownFileType = sourcecode.c.h; path = PeriodScoresView.h; sourceTree = "<group>"; };
		553F36241B39A65F00CCAE17 /* PeriodScoresView.m */ = {isa = PBXFileReference; fileEncoding = 4; lastKnownFileType = sourcecode.c.objc; path = PeriodScoresView.m; sourceTree = "<group>"; };
		553F36251B39A65F00CCAE17 /* PeriodScoreViewHeader.h */ = {isa = PBXFileReference; fileEncoding = 4; lastKnownFileType = sourcecode.c.h; path = PeriodScoreViewHeader.h; sourceTree = "<group>"; };
		553F36261B39A65F00CCAE17 /* PeriodScoreViewHeader.m */ = {isa = PBXFileReference; fileEncoding = 4; lastKnownFileType = sourcecode.c.objc; path = PeriodScoreViewHeader.m; sourceTree = "<group>"; };
		553F36271B39A65F00CCAE17 /* RecentGamesView.h */ = {isa = PBXFileReference; fileEncoding = 4; lastKnownFileType = sourcecode.c.h; path = RecentGamesView.h; sourceTree = "<group>"; };
		553F36281B39A65F00CCAE17 /* RecentGamesView.m */ = {isa = PBXFileReference; fileEncoding = 4; lastKnownFileType = sourcecode.c.objc; path = RecentGamesView.m; sourceTree = "<group>"; };
		553F36291B39A65F00CCAE17 /* RefreshTableViewCell.h */ = {isa = PBXFileReference; fileEncoding = 4; lastKnownFileType = sourcecode.c.h; path = RefreshTableViewCell.h; sourceTree = "<group>"; };
		553F362A1B39A65F00CCAE17 /* RefreshTableViewCell.m */ = {isa = PBXFileReference; fileEncoding = 4; lastKnownFileType = sourcecode.c.objc; path = RefreshTableViewCell.m; sourceTree = "<group>"; };
		553F362B1B39A65F00CCAE17 /* SeriesCell.h */ = {isa = PBXFileReference; fileEncoding = 4; lastKnownFileType = sourcecode.c.h; path = SeriesCell.h; sourceTree = "<group>"; };
		553F362C1B39A65F00CCAE17 /* SeriesCell.m */ = {isa = PBXFileReference; fileEncoding = 4; lastKnownFileType = sourcecode.c.objc; path = SeriesCell.m; sourceTree = "<group>"; };
		553F362D1B39A65F00CCAE17 /* SeriesHeader.h */ = {isa = PBXFileReference; fileEncoding = 4; lastKnownFileType = sourcecode.c.h; path = SeriesHeader.h; sourceTree = "<group>"; };
		553F362E1B39A65F00CCAE17 /* SeriesHeader.m */ = {isa = PBXFileReference; fileEncoding = 4; lastKnownFileType = sourcecode.c.objc; path = SeriesHeader.m; sourceTree = "<group>"; };
		553F362F1B39A65F00CCAE17 /* SeriesHeaderScoresView.h */ = {isa = PBXFileReference; fileEncoding = 4; lastKnownFileType = sourcecode.c.h; path = SeriesHeaderScoresView.h; sourceTree = "<group>"; };
		553F36301B39A65F00CCAE17 /* SeriesHeaderScoresView.m */ = {isa = PBXFileReference; fileEncoding = 4; lastKnownFileType = sourcecode.c.objc; path = SeriesHeaderScoresView.m; sourceTree = "<group>"; };
		553F36311B39A65F00CCAE17 /* SeriesView.h */ = {isa = PBXFileReference; fileEncoding = 4; lastKnownFileType = sourcecode.c.h; path = SeriesView.h; sourceTree = "<group>"; };
		553F36321B39A65F00CCAE17 /* SeriesView.m */ = {isa = PBXFileReference; fileEncoding = 4; lastKnownFileType = sourcecode.c.objc; path = SeriesView.m; sourceTree = "<group>"; };
		553F36331B39A65F00CCAE17 /* StrengthIndicator.h */ = {isa = PBXFileReference; fileEncoding = 4; lastKnownFileType = sourcecode.c.h; path = StrengthIndicator.h; sourceTree = "<group>"; };
		553F36341B39A65F00CCAE17 /* StrengthIndicator.m */ = {isa = PBXFileReference; fileEncoding = 4; lastKnownFileType = sourcecode.c.objc; path = StrengthIndicator.m; sourceTree = "<group>"; };
		553F36351B39A65F00CCAE17 /* TeamImage.h */ = {isa = PBXFileReference; fileEncoding = 4; lastKnownFileType = sourcecode.c.h; path = TeamImage.h; sourceTree = "<group>"; };
		553F36361B39A65F00CCAE17 /* TeamImage.m */ = {isa = PBXFileReference; fileEncoding = 4; lastKnownFileType = sourcecode.c.objc; path = TeamImage.m; sourceTree = "<group>"; };
		553F36371B39A65F00CCAE17 /* VideoButton.h */ = {isa = PBXFileReference; fileEncoding = 4; lastKnownFileType = sourcecode.c.h; path = VideoButton.h; sourceTree = "<group>"; };
		553F36381B39A65F00CCAE17 /* VideoButton.m */ = {isa = PBXFileReference; fileEncoding = 4; lastKnownFileType = sourcecode.c.objc; path = VideoButton.m; sourceTree = "<group>"; };
		553F363A1B39A65F00CCAE17 /* BaseUINavigationController.h */ = {isa = PBXFileReference; fileEncoding = 4; lastKnownFileType = sourcecode.c.h; path = BaseUINavigationController.h; sourceTree = "<group>"; };
		553F363B1B39A65F00CCAE17 /* BaseUINavigationController.m */ = {isa = PBXFileReference; fileEncoding = 4; lastKnownFileType = sourcecode.c.objc; path = BaseUINavigationController.m; sourceTree = "<group>"; };
		553F363C1B39A65F00CCAE17 /* BaseViewController.h */ = {isa = PBXFileReference; fileEncoding = 4; lastKnownFileType = sourcecode.c.h; path = BaseViewController.h; sourceTree = "<group>"; };
		553F363D1B39A65F00CCAE17 /* BaseViewController.m */ = {isa = PBXFileReference; fileEncoding = 4; lastKnownFileType = sourcecode.c.objc; path = BaseViewController.m; sourceTree = "<group>"; };
		553F363E1B39A65F00CCAE17 /* BracketViewController.h */ = {isa = PBXFileReference; fileEncoding = 4; lastKnownFileType = sourcecode.c.h; path = BracketViewController.h; sourceTree = "<group>"; };
		553F363F1B39A65F00CCAE17 /* BracketViewController.m */ = {isa = PBXFileReference; fileEncoding = 4; lastKnownFileType = sourcecode.c.objc; path = BracketViewController.m; sourceTree = "<group>"; };
		553F36401B39A65F00CCAE17 /* GameViewController.h */ = {isa = PBXFileReference; fileEncoding = 4; lastKnownFileType = sourcecode.c.h; path = GameViewController.h; sourceTree = "<group>"; };
		553F36411B39A65F00CCAE17 /* GameViewController.m */ = {isa = PBXFileReference; fileEncoding = 4; lastKnownFileType = sourcecode.c.objc; path = GameViewController.m; sourceTree = "<group>"; };
		553F36421B39A65F00CCAE17 /* NewsViewController.h */ = {isa = PBXFileReference; fileEncoding = 4; lastKnownFileType = sourcecode.c.h; path = NewsViewController.h; sourceTree = "<group>"; };
		553F36431B39A65F00CCAE17 /* NewsViewController.m */ = {isa = PBXFileReference; fileEncoding = 4; lastKnownFileType = sourcecode.c.objc; path = NewsViewController.m; sourceTree = "<group>"; };
		553F36441B39A65F00CCAE17 /* RecentGamesViewController.h */ = {isa = PBXFileReference; fileEncoding = 4; lastKnownFileType = sourcecode.c.h; path = RecentGamesViewController.h; sourceTree = "<group>"; };
		553F36451B39A65F00CCAE17 /* RecentGamesViewController.m */ = {isa = PBXFileReference; fileEncoding = 4; lastKnownFileType = sourcecode.c.objc; path = RecentGamesViewController.m; sourceTree = "<group>"; };
		553F36461B39A65F00CCAE17 /* SeriesViewController.h */ = {isa = PBXFileReference; fileEncoding = 4; lastKnownFileType = sourcecode.c.h; path = SeriesViewController.h; sourceTree = "<group>"; };
		553F36471B39A65F00CCAE17 /* SeriesViewController.m */ = {isa = PBXFileReference; fileEncoding = 4; lastKnownFileType = sourcecode.c.objc; path = SeriesViewController.m; sourceTree = "<group>"; };
		553F36481B39A65F00CCAE17 /* SettingsViewController.h */ = {isa = PBXFileReference; fileEncoding = 4; lastKnownFileType = sourcecode.c.h; path = SettingsViewController.h; sourceTree = "<group>"; };
		553F36491B39A65F00CCAE17 /* SettingsViewController.m */ = {isa = PBXFileReference; fileEncoding = 4; lastKnownFileType = sourcecode.c.objc; path = SettingsViewController.m; sourceTree = "<group>"; };
		553F364A1B39A65F00CCAE17 /* StatisticsViewController.h */ = {isa = PBXFileReference; fileEncoding = 4; lastKnownFileType = sourcecode.c.h; path = StatisticsViewController.h; sourceTree = "<group>"; };
		553F364B1B39A65F00CCAE17 /* StatisticsViewController.m */ = {isa = PBXFileReference; fileEncoding = 4; lastKnownFileType = sourcecode.c.objc; path = StatisticsViewController.m; sourceTree = "<group>"; };
		553F364C1B39A65F00CCAE17 /* TabBarController.h */ = {isa = PBXFileReference; fileEncoding = 4; lastKnownFileType = sourcecode.c.h; path = TabBarController.h; sourceTree = "<group>"; };
		553F364D1B39A65F00CCAE17 /* TabBarController.m */ = {isa = PBXFileReference; fileEncoding = 4; lastKnownFileType = sourcecode.c.objc; path = TabBarController.m; sourceTree = "<group>"; };
		553F364E1B39A65F00CCAE17 /* TeamsViewController.h */ = {isa = PBXFileReference; fileEncoding = 4; lastKnownFileType = sourcecode.c.h; path = TeamsViewController.h; sourceTree = "<group>"; };
		553F364F1B39A65F00CCAE17 /* TeamsViewController.m */ = {isa = PBXFileReference; fileEncoding = 4; lastKnownFileType = sourcecode.c.objc; path = TeamsViewController.m; sourceTree = "<group>"; };
		553F36501B39A65F00CCAE17 /* VideoPlayerViewController.h */ = {isa = PBXFileReference; fileEncoding = 4; lastKnownFileType = sourcecode.c.h; path = VideoPlayerViewController.h; sourceTree = "<group>"; };
		553F36511B39A65F00CCAE17 /* VideoPlayerViewController.m */ = {isa = PBXFileReference; fileEncoding = 4; lastKnownFileType = sourcecode.c.objc; path = VideoPlayerViewController.m; sourceTree = "<group>"; };
		553F36911B39AB9300CCAE17 /* StringHandler.h */ = {isa = PBXFileReference; fileEncoding = 4; lastKnownFileType = sourcecode.c.h; path = StringHandler.h; sourceTree = "<group>"; };
		553F36921B39AB9300CCAE17 /* StringHandler.m */ = {isa = PBXFileReference; fileEncoding = 4; lastKnownFileType = sourcecode.c.objc; path = StringHandler.m; sourceTree = "<group>"; };
		553F36981B39B84100CCAE17 /* teams.json */ = {isa = PBXFileReference; fileEncoding = 4; lastKnownFileType = text.json; path = teams.json; sourceTree = "<group>"; };
		A6A0C3002AE6BD9F62B0DD9B /* Pods-HockeyPlayoffs.release.xcconfig */ = {isa = PBXFileReference; includeInIndex = 1; lastKnownFileType = text.xcconfig; name = "Pods-HockeyPlayoffs.release.xcconfig"; path = "Pods/Target Support Files/Pods-HockeyPlayoffs/Pods-HockeyPlayoffs.release.xcconfig"; sourceTree = "<group>"; };
		AF56C314D83B90281949FF1B /* Pods-HockeyPlayoffsTests.debug.xcconfig */ = {isa = PBXFileReference; includeInIndex = 1; lastKnownFileType = text.xcconfig; name = "Pods-HockeyPlayoffsTests.debug.xcconfig"; path = "Pods/Target Support Files/Pods-HockeyPlayoffsTests/Pods-HockeyPlayoffsTests.debug.xcconfig"; sourceTree = "<group>"; };
		E6942ECC5B909F6E91FD56A8 /* Pods_HockeyPlayoffsTests.framework */ = {isa = PBXFileReference; explicitFileType = wrapper.framework; includeInIndex = 0; path = Pods_HockeyPlayoffsTests.framework; sourceTree = BUILT_PRODUCTS_DIR; };
/* End PBXFileReference section */

/* Begin PBXFrameworksBuildPhase section */
		06B321BD2065DCE400C4078F /* Frameworks */ = {
			isa = PBXFrameworksBuildPhase;
			buildActionMask = 2147483647;
			files = (
				06D0A719206A022900B1B0F0 /* AVKit.framework in Frameworks */,
				06B322282065E0EB00C4078F /* Foundation.framework in Frameworks */,
				06B322262065E0E100C4078F /* CoreGraphics.framework in Frameworks */,
				06B322222065DFD800C4078F /* UIKit.framework in Frameworks */,
				1EA83247F744D2371B152B2B /* Pods_HockeyPlayoffs.framework in Frameworks */,
			);
			runOnlyForDeploymentPostprocessing = 0;
		};
		06B321D72065DCF200C4078F /* Frameworks */ = {
			isa = PBXFrameworksBuildPhase;
			buildActionMask = 2147483647;
			files = (
				AE36B8636534A87DC6078B46 /* Pods_HockeyPlayoffsTests.framework in Frameworks */,
			);
			runOnlyForDeploymentPostprocessing = 0;
		};
		06D0A71D206A0DDA00B1B0F0 /* Frameworks */ = {
			isa = PBXFrameworksBuildPhase;
			buildActionMask = 2147483647;
			files = (
			);
			runOnlyForDeploymentPostprocessing = 0;
		};
/* End PBXFrameworksBuildPhase section */

/* Begin PBXGroup section */
		062B249B2065E65F005B175B /* SupportingFiles */ = {
			isa = PBXGroup;
			children = (
				06B3222B2065E11F00C4078F /* HockeyPlayoffsTests-Bridging-Header.h */,
				06B321DE2065DCF200C4078F /* Info.plist */,
			);
			path = SupportingFiles;
			sourceTree = "<group>";
		};
		062B249C2065E66C005B175B /* Resources */ = {
			isa = PBXGroup;
			children = (
				065034D51E9F264D003A132F /* bad_teams.json */,
				065034D61E9F264D003A132F /* good_teams.json */,
			);
			path = Resources;
			sourceTree = "<group>";
		};
		0684137C18B9A0CE00A89D7C = {
			isa = PBXGroup;
			children = (
				06D0A721206A0DDB00B1B0F0 /* Screenshots */,
				0684138718B9A0CE00A89D7C /* Frameworks */,
				553F35C41B39A65F00CCAE17 /* HockeyPlayoffs */,
				06B321DB2065DCF200C4078F /* HockeyPlayoffsTests */,
				0D6D1895AEE81B605CD90FB6 /* Pods */,
				0684138618B9A0CE00A89D7C /* Products */,
			);
			sourceTree = "<group>";
		};
		0684138618B9A0CE00A89D7C /* Products */ = {
			isa = PBXGroup;
			children = (
				06B321C02065DCE400C4078F /* HockeyPlayoffs.app */,
				06B321DA2065DCF200C4078F /* HockeyPlayoffsTests.xctest */,
				06D0A720206A0DDA00B1B0F0 /* Screenshots.xctest */,
			);
			name = Products;
			sourceTree = "<group>";
		};
		0684138718B9A0CE00A89D7C /* Frameworks */ = {
			isa = PBXGroup;
			children = (
				06D0A718206A022900B1B0F0 /* AVKit.framework */,
				06B322272065E0EB00C4078F /* Foundation.framework */,
				06B322252065E0E100C4078F /* CoreGraphics.framework */,
				06B322232065DFE500C4078F /* MediaPlayer.framework */,
				06B322212065DFD800C4078F /* UIKit.framework */,
				512637E7198F45B00CA73FD5 /* Pods_HockeyPlayoffs.framework */,
				E6942ECC5B909F6E91FD56A8 /* Pods_HockeyPlayoffsTests.framework */,
			);
			name = Frameworks;
			sourceTree = "<group>";
		};
		06B321DB2065DCF200C4078F /* HockeyPlayoffsTests */ = {
			isa = PBXGroup;
			children = (
				062B249C2065E66C005B175B /* Resources */,
				062B249B2065E65F005B175B /* SupportingFiles */,
				065034CE1E9F2617003A132F /* DateTimeHandlerTests.swift */,
				065034CF1E9F2617003A132F /* StringHandlerTests.swift */,
				065034D01E9F2617003A132F /* TeamHandlerTests.swift */,
			);
			path = HockeyPlayoffsTests;
			sourceTree = "<group>";
		};
		06D0A721206A0DDB00B1B0F0 /* Screenshots */ = {
			isa = PBXGroup;
			children = (
				06D0A72A206A0EBD00B1B0F0 /* SnapshotHelper.swift */,
				06D0A722206A0DDB00B1B0F0 /* Screenshots.swift */,
				06D0A724206A0DDB00B1B0F0 /* Info.plist */,
			);
			path = Screenshots;
			sourceTree = "<group>";
		};
		0D6D1895AEE81B605CD90FB6 /* Pods */ = {
			isa = PBXGroup;
			children = (
				0AD493D77F0A0928DF21E202 /* Pods-HockeyPlayoffs.debug.xcconfig */,
				A6A0C3002AE6BD9F62B0DD9B /* Pods-HockeyPlayoffs.release.xcconfig */,
				AF56C314D83B90281949FF1B /* Pods-HockeyPlayoffsTests.debug.xcconfig */,
				2DC2F281EE6D83021FF56E41 /* Pods-HockeyPlayoffsTests.release.xcconfig */,
			);
			name = Pods;
			sourceTree = "<group>";
		};
		553F35C41B39A65F00CCAE17 /* HockeyPlayoffs */ = {
			isa = PBXGroup;
			children = (
				553F35C71B39A65F00CCAE17 /* Constants */,
				553F35D21B39A65F00CCAE17 /* DatabaseObjects */,
				553F35DD1B39A65F00CCAE17 /* Handlers */,
				553F35EC1B39A65F00CCAE17 /* Libraries */,
				553F35F21B39A65F00CCAE17 /* Model */,
				553F35FD1B39A65F00CCAE17 /* Resources */,
				553F36021B39A65F00CCAE17 /* SupportingFiles */,
				553F360A1B39A65F00CCAE17 /* View */,
				553F36391B39A65F00CCAE17 /* ViewController */,
				553F35C51B39A65F00CCAE17 /* AppDelegate.h */,
				553F35C61B39A65F00CCAE17 /* AppDelegate.m */,
			);
			path = HockeyPlayoffs;
			sourceTree = "<group>";
		};
		553F35C71B39A65F00CCAE17 /* Constants */ = {
			isa = PBXGroup;
			children = (
				553F35C91B39A65F00CCAE17 /* APIIdentifiers.h */,
				553F35C81B39A65F00CCAE17 /* Animations.h */,
				0667D71C1B3A6611009571A6 /* Colors.h */,
				0667D71D1B3A6611009571A6 /* Colors.m */,
				553F35CB1B39A65F00CCAE17 /* Dimensions.h */,
				553F35CC1B39A65F00CCAE17 /* Enums.h */,
				553F35CD1B39A65F00CCAE17 /* Images.h */,
				553F35CE1B39A65F00CCAE17 /* Notifications.h */,
				553F35CF1B39A65F00CCAE17 /* Queues.h */,
				553F35D01B39A65F00CCAE17 /* ReuseIdentifiers.h */,
				553F35D11B39A65F00CCAE17 /* Rotation.h */,
			);
			path = Constants;
			sourceTree = "<group>";
		};
		553F35D21B39A65F00CCAE17 /* DatabaseObjects */ = {
			isa = PBXGroup;
			children = (
				553F35D31B39A65F00CCAE17 /* EventObject.h */,
				553F35D41B39A65F00CCAE17 /* EventObject.m */,
				553F35D51B39A65F00CCAE17 /* GameObject.h */,
				553F35D61B39A65F00CCAE17 /* GameObject.m */,
				553F35D71B39A65F00CCAE17 /* PeriodObject.h */,
				553F35D81B39A65F00CCAE17 /* PeriodObject.m */,
				553F35D91B39A65F00CCAE17 /* SeriesObject.h */,
				553F35DA1B39A65F00CCAE17 /* SeriesObject.m */,
				553F35DB1B39A65F00CCAE17 /* TeamObject.h */,
				553F35DC1B39A65F00CCAE17 /* TeamObject.m */,
			);
			path = DatabaseObjects;
			sourceTree = "<group>";
		};
		553F35DD1B39A65F00CCAE17 /* Handlers */ = {
			isa = PBXGroup;
			children = (
				553F35DE1B39A65F00CCAE17 /* APIRequestHandler.h */,
				553F35DF1B39A65F00CCAE17 /* APIRequestHandler.m */,
				553F35E01B39A65F00CCAE17 /* DatabaseHandler.h */,
				553F35E11B39A65F00CCAE17 /* DatabaseHandler.m */,
				553F35E21B39A65F00CCAE17 /* DateTimeHandler.h */,
				553F35E31B39A65F00CCAE17 /* DateTimeHandler.m */,
				553F35E41B39A65F00CCAE17 /* DictionaryHandler.h */,
				553F35E51B39A65F00CCAE17 /* DictionaryHandler.m */,
				553F35E61B39A65F00CCAE17 /* FileHandler.h */,
				553F35E71B39A65F00CCAE17 /* FileHandler.m */,
				553F35E81B39A65F00CCAE17 /* FormatterHandler.h */,
				553F35E91B39A65F00CCAE17 /* FormatterHandler.m */,
				553F36911B39AB9300CCAE17 /* StringHandler.h */,
				553F36921B39AB9300CCAE17 /* StringHandler.m */,
				553F35EA1B39A65F00CCAE17 /* TeamHandler.h */,
				553F35EB1B39A65F00CCAE17 /* TeamHandler.m */,
			);
			path = Handlers;
			sourceTree = "<group>";
		};
		553F35EC1B39A65F00CCAE17 /* Libraries */ = {
			isa = PBXGroup;
			children = (
				553F35F01B39A65F00CCAE17 /* NSObject+PMDescription.h */,
				553F35F11B39A65F00CCAE17 /* NSObject+PMDescription.m */,
			);
			path = Libraries;
			sourceTree = "<group>";
		};
		553F35F21B39A65F00CCAE17 /* Model */ = {
			isa = PBXGroup;
			children = (
				553F35F31B39A65F00CCAE17 /* BracketModel.h */,
				553F35F41B39A65F00CCAE17 /* BracketModel.m */,
				553F35F51B39A65F00CCAE17 /* GameModel.h */,
				553F35F61B39A65F00CCAE17 /* GameModel.m */,
				553F35F71B39A65F00CCAE17 /* RecentGamesModel.h */,
				553F35F81B39A65F00CCAE17 /* RecentGamesModel.m */,
				553F35F91B39A65F00CCAE17 /* Rectangle.h */,
				553F35FA1B39A65F00CCAE17 /* Rectangle.m */,
				553F35FB1B39A65F00CCAE17 /* SeriesModel.h */,
				553F35FC1B39A65F00CCAE17 /* SeriesModel.m */,
			);
			path = Model;
			sourceTree = "<group>";
		};
		553F35FD1B39A65F00CCAE17 /* Resources */ = {
			isa = PBXGroup;
			children = (
				553F36001B39A65F00CCAE17 /* Images.xcassets */,
				553F35FE1B39A65F00CCAE17 /* hockey.sql */,
				553F35FF1B39A65F00CCAE17 /* hockey.sqlite */,
				553F36981B39B84100CCAE17 /* teams.json */,
				06D422BC206B5F1B004768B9 /* Launch Screen.storyboard */,
			);
			path = Resources;
			sourceTree = "<group>";
		};
		553F36021B39A65F00CCAE17 /* SupportingFiles */ = {
			isa = PBXGroup;
			children = (
				553F36071B39A65F00CCAE17 /* Info.plist */,
				062B24952065E629005B175B /* InfoPlist.strings */,
				062B24932065E629005B175B /* Localizable.strings */,
				553F36081B39A65F00CCAE17 /* Prefix.pch */,
				553F36091B39A65F00CCAE17 /* main.m */,
			);
			path = SupportingFiles;
			sourceTree = "<group>";
		};
		553F360A1B39A65F00CCAE17 /* View */ = {
			isa = PBXGroup;
			children = (
				553F360D1B39A65F00CCAE17 /* BracketSection.h */,
				553F360E1B39A65F00CCAE17 /* BracketSection.m */,
				553F360F1B39A65F00CCAE17 /* BracketView.h */,
				553F36101B39A65F00CCAE17 /* BracketView.m */,
				553F36111B39A65F00CCAE17 /* ExpandedVideoView.h */,
				553F36121B39A65F00CCAE17 /* ExpandedVideoView.m */,
				553F36131B39A65F00CCAE17 /* GameCell.h */,
				553F36141B39A65F00CCAE17 /* GameCell.m */,
				553F36151B39A65F00CCAE17 /* GameDetailCell.h */,
				553F36161B39A65F00CCAE17 /* GameDetailCell.m */,
				553F36171B39A65F00CCAE17 /* GameDetailHeader.h */,
				553F36181B39A65F00CCAE17 /* GameDetailHeader.m */,
				553F36191B39A65F00CCAE17 /* GameHeader.h */,
				553F361A1B39A65F00CCAE17 /* GameHeader.m */,
				553F361B1B39A65F00CCAE17 /* GameOverviewView.h */,
				553F361C1B39A65F00CCAE17 /* GameOverviewView.m */,
				553F361D1B39A65F00CCAE17 /* GameView.h */,
				553F361E1B39A65F00CCAE17 /* GameView.m */,
				553F361F1B39A65F00CCAE17 /* NoContentTableView.h */,
				553F36201B39A65F00CCAE17 /* NoContentTableView.m */,
				553F36211B39A65F00CCAE17 /* NoDataTableViewCell.h */,
				553F36221B39A65F00CCAE17 /* NoDataTableViewCell.m */,
				553F36251B39A65F00CCAE17 /* PeriodScoreViewHeader.h */,
				553F36261B39A65F00CCAE17 /* PeriodScoreViewHeader.m */,
				553F36231B39A65F00CCAE17 /* PeriodScoresView.h */,
				553F36241B39A65F00CCAE17 /* PeriodScoresView.m */,
				553F36271B39A65F00CCAE17 /* RecentGamesView.h */,
				553F36281B39A65F00CCAE17 /* RecentGamesView.m */,
				553F36291B39A65F00CCAE17 /* RefreshTableViewCell.h */,
				553F362A1B39A65F00CCAE17 /* RefreshTableViewCell.m */,
				553F362B1B39A65F00CCAE17 /* SeriesCell.h */,
				553F362C1B39A65F00CCAE17 /* SeriesCell.m */,
				553F362D1B39A65F00CCAE17 /* SeriesHeader.h */,
				553F362E1B39A65F00CCAE17 /* SeriesHeader.m */,
				553F362F1B39A65F00CCAE17 /* SeriesHeaderScoresView.h */,
				553F36301B39A65F00CCAE17 /* SeriesHeaderScoresView.m */,
				553F36311B39A65F00CCAE17 /* SeriesView.h */,
				553F36321B39A65F00CCAE17 /* SeriesView.m */,
				553F36331B39A65F00CCAE17 /* StrengthIndicator.h */,
				553F36341B39A65F00CCAE17 /* StrengthIndicator.m */,
				553F36351B39A65F00CCAE17 /* TeamImage.h */,
				553F36361B39A65F00CCAE17 /* TeamImage.m */,
				553F36371B39A65F00CCAE17 /* VideoButton.h */,
				553F36381B39A65F00CCAE17 /* VideoButton.m */,
			);
			path = View;
			sourceTree = "<group>";
		};
		553F36391B39A65F00CCAE17 /* ViewController */ = {
			isa = PBXGroup;
			children = (
				553F363A1B39A65F00CCAE17 /* BaseUINavigationController.h */,
				553F363B1B39A65F00CCAE17 /* BaseUINavigationController.m */,
				553F363C1B39A65F00CCAE17 /* BaseViewController.h */,
				553F363D1B39A65F00CCAE17 /* BaseViewController.m */,
				553F363E1B39A65F00CCAE17 /* BracketViewController.h */,
				553F363F1B39A65F00CCAE17 /* BracketViewController.m */,
				553F36401B39A65F00CCAE17 /* GameViewController.h */,
				553F36411B39A65F00CCAE17 /* GameViewController.m */,
				553F36421B39A65F00CCAE17 /* NewsViewController.h */,
				553F36431B39A65F00CCAE17 /* NewsViewController.m */,
				553F36441B39A65F00CCAE17 /* RecentGamesViewController.h */,
				553F36451B39A65F00CCAE17 /* RecentGamesViewController.m */,
				553F36461B39A65F00CCAE17 /* SeriesViewController.h */,
				553F36471B39A65F00CCAE17 /* SeriesViewController.m */,
				553F36481B39A65F00CCAE17 /* SettingsViewController.h */,
				553F36491B39A65F00CCAE17 /* SettingsViewController.m */,
				553F364A1B39A65F00CCAE17 /* StatisticsViewController.h */,
				553F364B1B39A65F00CCAE17 /* StatisticsViewController.m */,
				553F364C1B39A65F00CCAE17 /* TabBarController.h */,
				553F364D1B39A65F00CCAE17 /* TabBarController.m */,
				553F364E1B39A65F00CCAE17 /* TeamsViewController.h */,
				553F364F1B39A65F00CCAE17 /* TeamsViewController.m */,
				553F36501B39A65F00CCAE17 /* VideoPlayerViewController.h */,
				553F36511B39A65F00CCAE17 /* VideoPlayerViewController.m */,
			);
			path = ViewController;
			sourceTree = "<group>";
		};
/* End PBXGroup section */

/* Begin PBXNativeTarget section */
		06B321BF2065DCE400C4078F /* HockeyPlayoffs */ = {
			isa = PBXNativeTarget;
			buildConfigurationList = 06B321D32065DCE400C4078F /* Build configuration list for PBXNativeTarget "HockeyPlayoffs" */;
			buildPhases = (
				D242C2709D3B70C5AF906CAF /* [CP] Check Pods Manifest.lock */,
				062B249F2065E701005B175B /* Update Build */,
				06B321BC2065DCE400C4078F /* Sources */,
				06B321BD2065DCE400C4078F /* Frameworks */,
				06B321BE2065DCE400C4078F /* Resources */,
				F6D4AEF46422F41986AA97DB /* [CP] Embed Pods Frameworks */,
				C61670C47A8DCF20D10867EC /* [CP] Copy Pods Resources */,
			);
			buildRules = (
			);
			dependencies = (
			);
			name = HockeyPlayoffs;
			productName = HockeyPlayoffs;
			productReference = 06B321C02065DCE400C4078F /* HockeyPlayoffs.app */;
			productType = "com.apple.product-type.application";
		};
		06B321D92065DCF200C4078F /* HockeyPlayoffsTests */ = {
			isa = PBXNativeTarget;
			buildConfigurationList = 06B321E12065DCF200C4078F /* Build configuration list for PBXNativeTarget "HockeyPlayoffsTests" */;
			buildPhases = (
				49DD27249B4FD519F42DA49E /* [CP] Check Pods Manifest.lock */,
				06B321D62065DCF200C4078F /* Sources */,
				06B321D72065DCF200C4078F /* Frameworks */,
				06B321D82065DCF200C4078F /* Resources */,
				633D04F3535135C36EB19E3A /* [CP] Embed Pods Frameworks */,
				27372D02240327B891FF7BD8 /* [CP] Copy Pods Resources */,
			);
			buildRules = (
			);
			dependencies = (
				06B321E02065DCF200C4078F /* PBXTargetDependency */,
			);
			name = HockeyPlayoffsTests;
			productName = HockeyPlayoffsTests;
			productReference = 06B321DA2065DCF200C4078F /* HockeyPlayoffsTests.xctest */;
			productType = "com.apple.product-type.bundle.unit-test";
		};
		06D0A71F206A0DDA00B1B0F0 /* Screenshots */ = {
			isa = PBXNativeTarget;
			buildConfigurationList = 06D0A729206A0DDB00B1B0F0 /* Build configuration list for PBXNativeTarget "Screenshots" */;
			buildPhases = (
				06D0A71C206A0DDA00B1B0F0 /* Sources */,
				06D0A71D206A0DDA00B1B0F0 /* Frameworks */,
				06D0A71E206A0DDA00B1B0F0 /* Resources */,
			);
			buildRules = (
			);
			dependencies = (
				06D0A726206A0DDB00B1B0F0 /* PBXTargetDependency */,
			);
			name = Screenshots;
			productName = Screenshots;
			productReference = 06D0A720206A0DDA00B1B0F0 /* Screenshots.xctest */;
			productType = "com.apple.product-type.bundle.ui-testing";
		};
/* End PBXNativeTarget section */

/* Begin PBXProject section */
		0684137D18B9A0CE00A89D7C /* Project object */ = {
			isa = PBXProject;
			attributes = {
				LastSwiftUpdateCheck = 0920;
				LastUpgradeCheck = 0920;
				ORGANIZATIONNAME = "Pierre-Marc Airoldi";
				TargetAttributes = {
					06B321BF2065DCE400C4078F = {
						CreatedOnToolsVersion = 9.2;
						DevelopmentTeam = W78ZZKUER7;
						ProvisioningStyle = Automatic;
						SystemCapabilities = {
							com.apple.Push = {
								enabled = 0;
							};
						};
					};
					06B321D92065DCF200C4078F = {
						CreatedOnToolsVersion = 9.2;
						DevelopmentTeam = W78ZZKUER7;
						LastSwiftMigration = 0920;
						ProvisioningStyle = Manual;
						TestTargetID = 06B321BF2065DCE400C4078F;
					};
					06D0A71F206A0DDA00B1B0F0 = {
						CreatedOnToolsVersion = 9.2;
						DevelopmentTeam = W78ZZKUER7;
						LastSwiftMigration = 0920;
						ProvisioningStyle = Manual;
						TestTargetID = 06B321BF2065DCE400C4078F;
					};
				};
			};
			buildConfigurationList = 0684138018B9A0CE00A89D7C /* Build configuration list for PBXProject "HockeyPlayoffs" */;
			compatibilityVersion = "Xcode 3.2";
			developmentRegion = English;
			hasScannedForEncodings = 0;
			knownRegions = (
				en,
			);
			mainGroup = 0684137C18B9A0CE00A89D7C;
			productRefGroup = 0684138618B9A0CE00A89D7C /* Products */;
			projectDirPath = "";
			projectRoot = "";
			targets = (
				06B321BF2065DCE400C4078F /* HockeyPlayoffs */,
				06B321D92065DCF200C4078F /* HockeyPlayoffsTests */,
				06D0A71F206A0DDA00B1B0F0 /* Screenshots */,
			);
		};
/* End PBXProject section */

/* Begin PBXResourcesBuildPhase section */
		06B321BE2065DCE400C4078F /* Resources */ = {
			isa = PBXResourcesBuildPhase;
			buildActionMask = 2147483647;
			files = (
				06D422BD206B5F1B004768B9 /* Launch Screen.storyboard in Resources */,
				062B24832065E42E005B175B /* Images.xcassets in Resources */,
				062B24972065E629005B175B /* Localizable.strings in Resources */,
				06B322302065E32400C4078F /* hockey.sqlite in Resources */,
				06B322312065E32400C4078F /* teams.json in Resources */,
				062B24982065E629005B175B /* InfoPlist.strings in Resources */,
			);
			runOnlyForDeploymentPostprocessing = 0;
		};
		06B321D82065DCF200C4078F /* Resources */ = {
			isa = PBXResourcesBuildPhase;
			buildActionMask = 2147483647;
			files = (
				062B249D2065E6AF005B175B /* bad_teams.json in Resources */,
				062B249E2065E6AF005B175B /* good_teams.json in Resources */,
			);
			runOnlyForDeploymentPostprocessing = 0;
		};
		06D0A71E206A0DDA00B1B0F0 /* Resources */ = {
			isa = PBXResourcesBuildPhase;
			buildActionMask = 2147483647;
			files = (
			);
			runOnlyForDeploymentPostprocessing = 0;
		};
/* End PBXResourcesBuildPhase section */

/* Begin PBXShellScriptBuildPhase section */
		062B249F2065E701005B175B /* Update Build */ = {
			isa = PBXShellScriptBuildPhase;
			buildActionMask = 8;
			files = (
			);
			inputPaths = (
			);
			name = "Update Build";
			outputPaths = (
			);
			runOnlyForDeploymentPostprocessing = 1;
			shellPath = /bin/sh;
			shellScript = "exec \"${SRCROOT}/Scripts/update-build.sh\"";
		};
		27372D02240327B891FF7BD8 /* [CP] Copy Pods Resources */ = {
			isa = PBXShellScriptBuildPhase;
			buildActionMask = 2147483647;
			files = (
			);
			inputPaths = (
			);
			name = "[CP] Copy Pods Resources";
			outputPaths = (
			);
			runOnlyForDeploymentPostprocessing = 0;
			shellPath = /bin/sh;
			shellScript = "\"${SRCROOT}/Pods/Target Support Files/Pods-HockeyPlayoffsTests/Pods-HockeyPlayoffsTests-resources.sh\"\n";
			showEnvVarsInLog = 0;
		};
		49DD27249B4FD519F42DA49E /* [CP] Check Pods Manifest.lock */ = {
			isa = PBXShellScriptBuildPhase;
			buildActionMask = 2147483647;
			files = (
			);
			inputPaths = (
				"${PODS_PODFILE_DIR_PATH}/Podfile.lock",
				"${PODS_ROOT}/Manifest.lock",
			);
			name = "[CP] Check Pods Manifest.lock";
			outputPaths = (
				"$(DERIVED_FILE_DIR)/Pods-HockeyPlayoffsTests-checkManifestLockResult.txt",
			);
			runOnlyForDeploymentPostprocessing = 0;
			shellPath = /bin/sh;
			shellScript = "diff \"${PODS_PODFILE_DIR_PATH}/Podfile.lock\" \"${PODS_ROOT}/Manifest.lock\" > /dev/null\nif [ $? != 0 ] ; then\n    # print error to STDERR\n    echo \"error: The sandbox is not in sync with the Podfile.lock. Run 'pod install' or update your CocoaPods installation.\" >&2\n    exit 1\nfi\n# This output is used by Xcode 'outputs' to avoid re-running this script phase.\necho \"SUCCESS\" > \"${SCRIPT_OUTPUT_FILE_0}\"\n";
			showEnvVarsInLog = 0;
		};
		633D04F3535135C36EB19E3A /* [CP] Embed Pods Frameworks */ = {
			isa = PBXShellScriptBuildPhase;
			buildActionMask = 2147483647;
			files = (
			);
			inputPaths = (
			);
			name = "[CP] Embed Pods Frameworks";
			outputPaths = (
			);
			runOnlyForDeploymentPostprocessing = 0;
			shellPath = /bin/sh;
			shellScript = "\"${SRCROOT}/Pods/Target Support Files/Pods-HockeyPlayoffsTests/Pods-HockeyPlayoffsTests-frameworks.sh\"\n";
			showEnvVarsInLog = 0;
		};
		C61670C47A8DCF20D10867EC /* [CP] Copy Pods Resources */ = {
			isa = PBXShellScriptBuildPhase;
			buildActionMask = 2147483647;
			files = (
			);
			inputPaths = (
			);
			name = "[CP] Copy Pods Resources";
			outputPaths = (
			);
			runOnlyForDeploymentPostprocessing = 0;
			shellPath = /bin/sh;
			shellScript = "\"${SRCROOT}/Pods/Target Support Files/Pods-HockeyPlayoffs/Pods-HockeyPlayoffs-resources.sh\"\n";
			showEnvVarsInLog = 0;
		};
		D242C2709D3B70C5AF906CAF /* [CP] Check Pods Manifest.lock */ = {
			isa = PBXShellScriptBuildPhase;
			buildActionMask = 2147483647;
			files = (
			);
			inputPaths = (
				"${PODS_PODFILE_DIR_PATH}/Podfile.lock",
				"${PODS_ROOT}/Manifest.lock",
			);
			name = "[CP] Check Pods Manifest.lock";
			outputPaths = (
				"$(DERIVED_FILE_DIR)/Pods-HockeyPlayoffs-checkManifestLockResult.txt",
			);
			runOnlyForDeploymentPostprocessing = 0;
			shellPath = /bin/sh;
			shellScript = "diff \"${PODS_PODFILE_DIR_PATH}/Podfile.lock\" \"${PODS_ROOT}/Manifest.lock\" > /dev/null\nif [ $? != 0 ] ; then\n    # print error to STDERR\n    echo \"error: The sandbox is not in sync with the Podfile.lock. Run 'pod install' or update your CocoaPods installation.\" >&2\n    exit 1\nfi\n# This output is used by Xcode 'outputs' to avoid re-running this script phase.\necho \"SUCCESS\" > \"${SCRIPT_OUTPUT_FILE_0}\"\n";
			showEnvVarsInLog = 0;
		};
		F6D4AEF46422F41986AA97DB /* [CP] Embed Pods Frameworks */ = {
			isa = PBXShellScriptBuildPhase;
			buildActionMask = 2147483647;
			files = (
			);
			inputPaths = (
				"${SRCROOT}/Pods/Target Support Files/Pods-HockeyPlayoffs/Pods-HockeyPlayoffs-frameworks.sh",
				"${BUILT_PRODUCTS_DIR}/AFNetworking/AFNetworking.framework",
				"${BUILT_PRODUCTS_DIR}/CRToast/CRToast.framework",
				"${BUILT_PRODUCTS_DIR}/CocoaLumberjack/CocoaLumberjack.framework",
				"${BUILT_PRODUCTS_DIR}/FMDB/FMDB.framework",
				"${BUILT_PRODUCTS_DIR}/Keys/Keys.framework",
				"${BUILT_PRODUCTS_DIR}/LSWeekView/LSWeekView.framework",
				"${PODS_ROOT}/Reveal-SDK/RevealServer-13/iOS/RevealServer.framework",
				"${BUILT_PRODUCTS_DIR}/SimulatorStatusMagic/SimulatorStatusMagic.framework",
			);
			name = "[CP] Embed Pods Frameworks";
			outputPaths = (
				"${TARGET_BUILD_DIR}/${FRAMEWORKS_FOLDER_PATH}/AFNetworking.framework",
				"${TARGET_BUILD_DIR}/${FRAMEWORKS_FOLDER_PATH}/CRToast.framework",
				"${TARGET_BUILD_DIR}/${FRAMEWORKS_FOLDER_PATH}/CocoaLumberjack.framework",
				"${TARGET_BUILD_DIR}/${FRAMEWORKS_FOLDER_PATH}/FMDB.framework",
				"${TARGET_BUILD_DIR}/${FRAMEWORKS_FOLDER_PATH}/Keys.framework",
				"${TARGET_BUILD_DIR}/${FRAMEWORKS_FOLDER_PATH}/LSWeekView.framework",
				"${TARGET_BUILD_DIR}/${FRAMEWORKS_FOLDER_PATH}/RevealServer.framework",
				"${TARGET_BUILD_DIR}/${FRAMEWORKS_FOLDER_PATH}/SimulatorStatusMagic.framework",
			);
			runOnlyForDeploymentPostprocessing = 0;
			shellPath = /bin/sh;
			shellScript = "\"${SRCROOT}/Pods/Target Support Files/Pods-HockeyPlayoffs/Pods-HockeyPlayoffs-frameworks.sh\"\n";
			showEnvVarsInLog = 0;
		};
/* End PBXShellScriptBuildPhase section */

/* Begin PBXSourcesBuildPhase section */
		06B321BC2065DCE400C4078F /* Sources */ = {
			isa = PBXSourcesBuildPhase;
			buildActionMask = 2147483647;
			files = (
				06B321F22065DDAC00C4078F /* StringHandler.m in Sources */,
				06B322002065DDE300C4078F /* GameDetailHeader.m in Sources */,
				06B322022065DDE300C4078F /* GameOverviewView.m in Sources */,
				06B322192065DDF100C4078F /* StatisticsViewController.m in Sources */,
				06B3220D2065DDE300C4078F /* SeriesView.m in Sources */,
				06B321F02065DDAC00C4078F /* FormatterHandler.m in Sources */,
				06B322082065DDE300C4078F /* RecentGamesView.m in Sources */,
				06B3220A2065DDE300C4078F /* SeriesCell.m in Sources */,
				06B321EA2065DD9F00C4078F /* TeamObject.m in Sources */,
				06B321FB2065DDE300C4078F /* BracketSection.m in Sources */,
				06B321E72065DD9800C4078F /* GameObject.m in Sources */,
				06B322122065DDF100C4078F /* BaseViewController.m in Sources */,
				06B321F72065DDC300C4078F /* RecentGamesModel.m in Sources */,
				06B321EF2065DDAC00C4078F /* FileHandler.m in Sources */,
				06B322092065DDE300C4078F /* RefreshTableViewCell.m in Sources */,
				06B321E42065DD8300C4078F /* AppDelegate.m in Sources */,
				06B3221B2065DDF100C4078F /* TeamsViewController.m in Sources */,
				06B321E82065DD9A00C4078F /* PeriodObject.m in Sources */,
				06B321F82065DDC300C4078F /* Rectangle.m in Sources */,
				06B322072065DDE300C4078F /* PeriodScoreViewHeader.m in Sources */,
				06B3220E2065DDE300C4078F /* StrengthIndicator.m in Sources */,
				06B322102065DDE300C4078F /* VideoButton.m in Sources */,
				06B322182065DDF100C4078F /* SettingsViewController.m in Sources */,
				06B321F32065DDB200C4078F /* NSObject+PMDescription.m in Sources */,
				06B3220F2065DDE300C4078F /* TeamImage.m in Sources */,
				06B321E62065DD9400C4078F /* EventObject.m in Sources */,
				06B321F62065DDC300C4078F /* GameModel.m in Sources */,
				06B3221A2065DDF100C4078F /* TabBarController.m in Sources */,
				06B322052065DDE300C4078F /* NoDataTableViewCell.m in Sources */,
				06B321EC2065DDAC00C4078F /* DatabaseHandler.m in Sources */,
				06B322042065DDE300C4078F /* NoContentTableView.m in Sources */,
				06B321FC2065DDE300C4078F /* BracketView.m in Sources */,
				06B321E52065DD8E00C4078F /* Colors.m in Sources */,
				06B322202065DF6000C4078F /* main.m in Sources */,
				06B322162065DDF100C4078F /* RecentGamesViewController.m in Sources */,
				06B321F92065DDC300C4078F /* SeriesModel.m in Sources */,
				06B322112065DDF100C4078F /* BaseUINavigationController.m in Sources */,
				06B321FE2065DDE300C4078F /* GameCell.m in Sources */,
				06B321ED2065DDAC00C4078F /* DateTimeHandler.m in Sources */,
				06B321F52065DDBC00C4078F /* BracketModel.m in Sources */,
				06B3220C2065DDE300C4078F /* SeriesHeaderScoresView.m in Sources */,
				06B321E92065DD9D00C4078F /* SeriesObject.m in Sources */,
				06B322152065DDF100C4078F /* NewsViewController.m in Sources */,
				06B322142065DDF100C4078F /* GameViewController.m in Sources */,
				06B321EE2065DDAC00C4078F /* DictionaryHandler.m in Sources */,
				06B322032065DDE300C4078F /* GameView.m in Sources */,
				06B321FF2065DDE300C4078F /* GameDetailCell.m in Sources */,
				06B322062065DDE300C4078F /* PeriodScoresView.m in Sources */,
				06B321EB2065DDA400C4078F /* APIRequestHandler.m in Sources */,
				06B321F12065DDAC00C4078F /* TeamHandler.m in Sources */,
				06B3221C2065DDF100C4078F /* VideoPlayerViewController.m in Sources */,
				06B322172065DDF100C4078F /* SeriesViewController.m in Sources */,
				06B3220B2065DDE300C4078F /* SeriesHeader.m in Sources */,
				06B322132065DDF100C4078F /* BracketViewController.m in Sources */,
				06B322012065DDE300C4078F /* GameHeader.m in Sources */,
				06B321FD2065DDE300C4078F /* ExpandedVideoView.m in Sources */,
			);
			runOnlyForDeploymentPostprocessing = 0;
		};
		06B321D62065DCF200C4078F /* Sources */ = {
			isa = PBXSourcesBuildPhase;
			buildActionMask = 2147483647;
			files = (
				06B3221F2065DE1000C4078F /* TeamHandlerTests.swift in Sources */,
				06B3221E2065DE1000C4078F /* StringHandlerTests.swift in Sources */,
				06B3221D2065DE1000C4078F /* DateTimeHandlerTests.swift in Sources */,
			);
			runOnlyForDeploymentPostprocessing = 0;
		};
		06D0A71C206A0DDA00B1B0F0 /* Sources */ = {
			isa = PBXSourcesBuildPhase;
			buildActionMask = 2147483647;
			files = (
				06D0A723206A0DDB00B1B0F0 /* Screenshots.swift in Sources */,
				06D0A72B206A0EBD00B1B0F0 /* SnapshotHelper.swift in Sources */,
			);
			runOnlyForDeploymentPostprocessing = 0;
		};
/* End PBXSourcesBuildPhase section */

/* Begin PBXTargetDependency section */
		06B321E02065DCF200C4078F /* PBXTargetDependency */ = {
			isa = PBXTargetDependency;
			target = 06B321BF2065DCE400C4078F /* HockeyPlayoffs */;
			targetProxy = 06B321DF2065DCF200C4078F /* PBXContainerItemProxy */;
		};
		06D0A726206A0DDB00B1B0F0 /* PBXTargetDependency */ = {
			isa = PBXTargetDependency;
			target = 06B321BF2065DCE400C4078F /* HockeyPlayoffs */;
			targetProxy = 06D0A725206A0DDB00B1B0F0 /* PBXContainerItemProxy */;
		};
/* End PBXTargetDependency section */

/* Begin PBXVariantGroup section */
		062B24932065E629005B175B /* Localizable.strings */ = {
			isa = PBXVariantGroup;
			children = (
				062B249A2065E633005B175B /* en */,
			);
			name = Localizable.strings;
			path = .;
			sourceTree = "<group>";
		};
		062B24952065E629005B175B /* InfoPlist.strings */ = {
			isa = PBXVariantGroup;
			children = (
				062B24992065E633005B175B /* en */,
			);
			name = InfoPlist.strings;
			path = .;
			sourceTree = "<group>";
		};
/* End PBXVariantGroup section */

/* Begin XCBuildConfiguration section */
		068413AF18B9A0CE00A89D7C /* Debug */ = {
			isa = XCBuildConfiguration;
			buildSettings = {
				ALWAYS_SEARCH_USER_PATHS = NO;
				CLANG_ANALYZER_LOCALIZABILITY_NONLOCALIZED = YES;
				CLANG_CXX_LANGUAGE_STANDARD = "gnu++0x";
				CLANG_CXX_LIBRARY = "libc++";
				CLANG_ENABLE_MODULES = YES;
				CLANG_ENABLE_OBJC_ARC = YES;
				CLANG_WARN_BLOCK_CAPTURE_AUTORELEASING = YES;
				CLANG_WARN_BOOL_CONVERSION = YES;
				CLANG_WARN_COMMA = YES;
				CLANG_WARN_CONSTANT_CONVERSION = YES;
				CLANG_WARN_DIRECT_OBJC_ISA_USAGE = YES_ERROR;
				CLANG_WARN_EMPTY_BODY = YES;
				CLANG_WARN_ENUM_CONVERSION = YES;
				CLANG_WARN_INFINITE_RECURSION = YES;
				CLANG_WARN_INT_CONVERSION = YES;
				CLANG_WARN_NON_LITERAL_NULL_CONVERSION = YES;
				CLANG_WARN_OBJC_LITERAL_CONVERSION = YES;
				CLANG_WARN_OBJC_ROOT_CLASS = YES_ERROR;
				CLANG_WARN_RANGE_LOOP_ANALYSIS = YES;
				CLANG_WARN_STRICT_PROTOTYPES = YES;
				CLANG_WARN_SUSPICIOUS_MOVE = YES;
				CLANG_WARN_UNREACHABLE_CODE = YES;
				CLANG_WARN__DUPLICATE_METHOD_MATCH = YES;
				"CODE_SIGN_IDENTITY[sdk=iphoneos*]" = "iPhone Developer";
				COPY_PHASE_STRIP = NO;
				ENABLE_STRICT_OBJC_MSGSEND = YES;
				ENABLE_TESTABILITY = YES;
				GCC_C_LANGUAGE_STANDARD = gnu99;
				GCC_DYNAMIC_NO_PIC = NO;
				GCC_GENERATE_TEST_COVERAGE_FILES = YES;
				GCC_INSTRUMENT_PROGRAM_FLOW_ARCS = YES;
				GCC_NO_COMMON_BLOCKS = YES;
				GCC_OPTIMIZATION_LEVEL = 0;
				GCC_PREPROCESSOR_DEFINITIONS = (
					"DEBUG=1",
					"$(inherited)",
				);
				GCC_SYMBOLS_PRIVATE_EXTERN = NO;
				GCC_WARN_64_TO_32_BIT_CONVERSION = YES;
				GCC_WARN_ABOUT_RETURN_TYPE = YES_ERROR;
				GCC_WARN_UNDECLARED_SELECTOR = YES;
				GCC_WARN_UNINITIALIZED_AUTOS = YES;
				GCC_WARN_UNUSED_FUNCTION = YES;
				GCC_WARN_UNUSED_VARIABLE = YES;
				IPHONEOS_DEPLOYMENT_TARGET = 8.0;
				ONLY_ACTIVE_ARCH = YES;
				SDKROOT = iphoneos;
			};
			name = Debug;
		};
		068413B018B9A0CE00A89D7C /* Release */ = {
			isa = XCBuildConfiguration;
			buildSettings = {
				ALWAYS_SEARCH_USER_PATHS = NO;
				CLANG_ANALYZER_LOCALIZABILITY_NONLOCALIZED = YES;
				CLANG_CXX_LANGUAGE_STANDARD = "gnu++0x";
				CLANG_CXX_LIBRARY = "libc++";
				CLANG_ENABLE_MODULES = YES;
				CLANG_ENABLE_OBJC_ARC = YES;
				CLANG_WARN_BLOCK_CAPTURE_AUTORELEASING = YES;
				CLANG_WARN_BOOL_CONVERSION = YES;
				CLANG_WARN_COMMA = YES;
				CLANG_WARN_CONSTANT_CONVERSION = YES;
				CLANG_WARN_DIRECT_OBJC_ISA_USAGE = YES_ERROR;
				CLANG_WARN_EMPTY_BODY = YES;
				CLANG_WARN_ENUM_CONVERSION = YES;
				CLANG_WARN_INFINITE_RECURSION = YES;
				CLANG_WARN_INT_CONVERSION = YES;
				CLANG_WARN_NON_LITERAL_NULL_CONVERSION = YES;
				CLANG_WARN_OBJC_LITERAL_CONVERSION = YES;
				CLANG_WARN_OBJC_ROOT_CLASS = YES_ERROR;
				CLANG_WARN_RANGE_LOOP_ANALYSIS = YES;
				CLANG_WARN_STRICT_PROTOTYPES = YES;
				CLANG_WARN_SUSPICIOUS_MOVE = YES;
				CLANG_WARN_UNREACHABLE_CODE = YES;
				CLANG_WARN__DUPLICATE_METHOD_MATCH = YES;
				"CODE_SIGN_IDENTITY[sdk=iphoneos*]" = "iPhone Developer";
				COPY_PHASE_STRIP = YES;
				ENABLE_NS_ASSERTIONS = NO;
				ENABLE_STRICT_OBJC_MSGSEND = YES;
				GCC_C_LANGUAGE_STANDARD = gnu99;
				GCC_GENERATE_TEST_COVERAGE_FILES = YES;
				GCC_INSTRUMENT_PROGRAM_FLOW_ARCS = YES;
				GCC_NO_COMMON_BLOCKS = YES;
				GCC_WARN_64_TO_32_BIT_CONVERSION = YES;
				GCC_WARN_ABOUT_RETURN_TYPE = YES_ERROR;
				GCC_WARN_UNDECLARED_SELECTOR = YES;
				GCC_WARN_UNINITIALIZED_AUTOS = YES;
				GCC_WARN_UNUSED_FUNCTION = YES;
				GCC_WARN_UNUSED_VARIABLE = YES;
				IPHONEOS_DEPLOYMENT_TARGET = 8.0;
				SDKROOT = iphoneos;
				SWIFT_OPTIMIZATION_LEVEL = "-Owholemodule";
				VALIDATE_PRODUCT = YES;
			};
			name = Release;
		};
		06B321D42065DCE400C4078F /* Debug */ = {
			isa = XCBuildConfiguration;
			baseConfigurationReference = 0AD493D77F0A0928DF21E202 /* Pods-HockeyPlayoffs.debug.xcconfig */;
			buildSettings = {
				ASSETCATALOG_COMPILER_APPICON_NAME = AppIcon;
				ASSETCATALOG_COMPILER_LAUNCHIMAGE_NAME = LaunchImage;
				CLANG_ANALYZER_NONNULL = YES;
				CLANG_ANALYZER_NUMBER_OBJECT_CONVERSION = YES_AGGRESSIVE;
				CLANG_CXX_LANGUAGE_STANDARD = "gnu++14";
				CLANG_WARN_DOCUMENTATION_COMMENTS = YES;
				CLANG_WARN_UNGUARDED_AVAILABILITY = YES_AGGRESSIVE;
				CODE_SIGN_IDENTITY = "iPhone Developer";
				"CODE_SIGN_IDENTITY[sdk=iphoneos*]" = "iPhone Developer";
				CODE_SIGN_STYLE = Automatic;
				DEBUG_INFORMATION_FORMAT = dwarf;
				DEVELOPMENT_TEAM = "";
				GCC_C_LANGUAGE_STANDARD = gnu11;
				GCC_PREFIX_HEADER = HockeyPlayoffs/SupportingFiles/Prefix.pch;
				GCC_WARN_UNINITIALIZED_AUTOS = YES_AGGRESSIVE;
				INFOPLIST_FILE = HockeyPlayoffs/SupportingFiles/Info.plist;
				IPHONEOS_DEPLOYMENT_TARGET = 9.0;
				LD_RUNPATH_SEARCH_PATHS = "$(inherited) @executable_path/Frameworks";
				MTL_ENABLE_DEBUG_INFO = YES;
				PRODUCT_BUNDLE_IDENTIFIER = "com.peteappdesigns.hockey-playoffs-14";
				PRODUCT_NAME = "$(TARGET_NAME)";
				PROVISIONING_PROFILE_SPECIFIER = "";
				TARGETED_DEVICE_FAMILY = "1,2";
			};
			name = Debug;
		};
		06B321D52065DCE400C4078F /* Release */ = {
			isa = XCBuildConfiguration;
			baseConfigurationReference = A6A0C3002AE6BD9F62B0DD9B /* Pods-HockeyPlayoffs.release.xcconfig */;
			buildSettings = {
				ASSETCATALOG_COMPILER_APPICON_NAME = AppIcon;
				ASSETCATALOG_COMPILER_LAUNCHIMAGE_NAME = LaunchImage;
				CLANG_ANALYZER_NONNULL = YES;
				CLANG_ANALYZER_NUMBER_OBJECT_CONVERSION = YES_AGGRESSIVE;
				CLANG_CXX_LANGUAGE_STANDARD = "gnu++14";
				CLANG_WARN_DOCUMENTATION_COMMENTS = YES;
				CLANG_WARN_UNGUARDED_AVAILABILITY = YES_AGGRESSIVE;
				CODE_SIGN_IDENTITY = "iPhone Developer";
				"CODE_SIGN_IDENTITY[sdk=iphoneos*]" = "iPhone Developer";
				CODE_SIGN_STYLE = Automatic;
				COPY_PHASE_STRIP = NO;
				DEBUG_INFORMATION_FORMAT = "dwarf-with-dsym";
				DEVELOPMENT_TEAM = "";
				GCC_C_LANGUAGE_STANDARD = gnu11;
				GCC_PREFIX_HEADER = HockeyPlayoffs/SupportingFiles/Prefix.pch;
				GCC_WARN_UNINITIALIZED_AUTOS = YES_AGGRESSIVE;
				INFOPLIST_FILE = HockeyPlayoffs/SupportingFiles/Info.plist;
				IPHONEOS_DEPLOYMENT_TARGET = 9.0;
				LD_RUNPATH_SEARCH_PATHS = "$(inherited) @executable_path/Frameworks";
				MTL_ENABLE_DEBUG_INFO = NO;
				PRODUCT_BUNDLE_IDENTIFIER = "com.peteappdesigns.hockey-playoffs-14";
				PRODUCT_NAME = "$(TARGET_NAME)";
				PROVISIONING_PROFILE_SPECIFIER = "";
				TARGETED_DEVICE_FAMILY = "1,2";
			};
			name = Release;
		};
		06B321E22065DCF200C4078F /* Debug */ = {
			isa = XCBuildConfiguration;
			baseConfigurationReference = AF56C314D83B90281949FF1B /* Pods-HockeyPlayoffsTests.debug.xcconfig */;
			buildSettings = {
				BUNDLE_LOADER = "$(TEST_HOST)";
				CLANG_ANALYZER_NONNULL = YES;
				CLANG_ANALYZER_NUMBER_OBJECT_CONVERSION = YES_AGGRESSIVE;
				CLANG_CXX_LANGUAGE_STANDARD = "gnu++14";
				CLANG_ENABLE_MODULES = YES;
				CLANG_WARN_DOCUMENTATION_COMMENTS = YES;
				CLANG_WARN_UNGUARDED_AVAILABILITY = YES_AGGRESSIVE;
				CODE_SIGN_IDENTITY = "iPhone Developer";
				CODE_SIGN_STYLE = Manual;
				DEBUG_INFORMATION_FORMAT = dwarf;
				DEVELOPMENT_TEAM = W78ZZKUER7;
				GCC_C_LANGUAGE_STANDARD = gnu11;
				GCC_WARN_UNINITIALIZED_AUTOS = YES_AGGRESSIVE;
				INFOPLIST_FILE = HockeyPlayoffsTests/SupportingFiles/Info.plist;
				IPHONEOS_DEPLOYMENT_TARGET = 11.2;
				LD_RUNPATH_SEARCH_PATHS = "$(inherited) @executable_path/Frameworks @loader_path/Frameworks";
				MTL_ENABLE_DEBUG_INFO = YES;
				PRODUCT_BUNDLE_IDENTIFIER = com.pierremarcairoldi.HockeyPlayoffsTests;
				PRODUCT_NAME = "$(TARGET_NAME)";
				SWIFT_ACTIVE_COMPILATION_CONDITIONS = DEBUG;
				SWIFT_OBJC_BRIDGING_HEADER = "HockeyPlayoffsTests/SupportingFiles/HockeyPlayoffsTests-Bridging-Header.h";
				SWIFT_OPTIMIZATION_LEVEL = "-Onone";
				SWIFT_VERSION = 4.0;
				TARGETED_DEVICE_FAMILY = "1,2";
				TEST_HOST = "$(BUILT_PRODUCTS_DIR)/HockeyPlayoffs.app/HockeyPlayoffs";
			};
			name = Debug;
		};
		06B321E32065DCF200C4078F /* Release */ = {
			isa = XCBuildConfiguration;
			baseConfigurationReference = 2DC2F281EE6D83021FF56E41 /* Pods-HockeyPlayoffsTests.release.xcconfig */;
			buildSettings = {
				BUNDLE_LOADER = "$(TEST_HOST)";
				CLANG_ANALYZER_NONNULL = YES;
				CLANG_ANALYZER_NUMBER_OBJECT_CONVERSION = YES_AGGRESSIVE;
				CLANG_CXX_LANGUAGE_STANDARD = "gnu++14";
				CLANG_ENABLE_MODULES = YES;
				CLANG_WARN_DOCUMENTATION_COMMENTS = YES;
				CLANG_WARN_UNGUARDED_AVAILABILITY = YES_AGGRESSIVE;
				CODE_SIGN_IDENTITY = "iPhone Developer";
				CODE_SIGN_STYLE = Manual;
				COPY_PHASE_STRIP = NO;
				DEBUG_INFORMATION_FORMAT = "dwarf-with-dsym";
				DEVELOPMENT_TEAM = W78ZZKUER7;
				GCC_C_LANGUAGE_STANDARD = gnu11;
				GCC_WARN_UNINITIALIZED_AUTOS = YES_AGGRESSIVE;
				INFOPLIST_FILE = HockeyPlayoffsTests/SupportingFiles/Info.plist;
				IPHONEOS_DEPLOYMENT_TARGET = 11.2;
				LD_RUNPATH_SEARCH_PATHS = "$(inherited) @executable_path/Frameworks @loader_path/Frameworks";
				MTL_ENABLE_DEBUG_INFO = NO;
				PRODUCT_BUNDLE_IDENTIFIER = com.pierremarcairoldi.HockeyPlayoffsTests;
				PRODUCT_NAME = "$(TARGET_NAME)";
				SWIFT_OBJC_BRIDGING_HEADER = "HockeyPlayoffsTests/SupportingFiles/HockeyPlayoffsTests-Bridging-Header.h";
				SWIFT_VERSION = 4.0;
				TARGETED_DEVICE_FAMILY = "1,2";
				TEST_HOST = "$(BUILT_PRODUCTS_DIR)/HockeyPlayoffs.app/HockeyPlayoffs";
			};
			name = Release;
		};
		06D0A727206A0DDB00B1B0F0 /* Debug */ = {
			isa = XCBuildConfiguration;
			buildSettings = {
				CLANG_ANALYZER_NONNULL = YES;
				CLANG_ANALYZER_NUMBER_OBJECT_CONVERSION = YES_AGGRESSIVE;
				CLANG_CXX_LANGUAGE_STANDARD = "gnu++14";
				CLANG_ENABLE_MODULES = YES;
				CLANG_WARN_DOCUMENTATION_COMMENTS = YES;
				CLANG_WARN_UNGUARDED_AVAILABILITY = YES_AGGRESSIVE;
				CODE_SIGN_IDENTITY = "iPhone Developer";
				CODE_SIGN_STYLE = Manual;
				DEBUG_INFORMATION_FORMAT = dwarf;
				DEVELOPMENT_TEAM = W78ZZKUER7;
				GCC_C_LANGUAGE_STANDARD = gnu11;
				GCC_WARN_UNINITIALIZED_AUTOS = YES_AGGRESSIVE;
				INFOPLIST_FILE = Screenshots/Info.plist;
				IPHONEOS_DEPLOYMENT_TARGET = 11.2;
				LD_RUNPATH_SEARCH_PATHS = "$(inherited) @executable_path/Frameworks @loader_path/Frameworks";
				MTL_ENABLE_DEBUG_INFO = YES;
				PRODUCT_BUNDLE_IDENTIFIER = com.pierremarcairoldi.Screenshots;
				PRODUCT_NAME = "$(TARGET_NAME)";
				SWIFT_ACTIVE_COMPILATION_CONDITIONS = DEBUG;
				SWIFT_OPTIMIZATION_LEVEL = "-Onone";
				SWIFT_VERSION = 4.0;
				TARGETED_DEVICE_FAMILY = "1,2";
				TEST_TARGET_NAME = HockeyPlayoffs;
			};
			name = Debug;
		};
		06D0A728206A0DDB00B1B0F0 /* Release */ = {
			isa = XCBuildConfiguration;
			buildSettings = {
				CLANG_ANALYZER_NONNULL = YES;
				CLANG_ANALYZER_NUMBER_OBJECT_CONVERSION = YES_AGGRESSIVE;
				CLANG_CXX_LANGUAGE_STANDARD = "gnu++14";
				CLANG_ENABLE_MODULES = YES;
				CLANG_WARN_DOCUMENTATION_COMMENTS = YES;
				CLANG_WARN_UNGUARDED_AVAILABILITY = YES_AGGRESSIVE;
				CODE_SIGN_IDENTITY = "iPhone Developer";
				CODE_SIGN_STYLE = Manual;
				COPY_PHASE_STRIP = NO;
				DEBUG_INFORMATION_FORMAT = "dwarf-with-dsym";
				DEVELOPMENT_TEAM = W78ZZKUER7;
				GCC_C_LANGUAGE_STANDARD = gnu11;
				GCC_WARN_UNINITIALIZED_AUTOS = YES_AGGRESSIVE;
				INFOPLIST_FILE = Screenshots/Info.plist;
				IPHONEOS_DEPLOYMENT_TARGET = 11.2;
				LD_RUNPATH_SEARCH_PATHS = "$(inherited) @executable_path/Frameworks @loader_path/Frameworks";
				MTL_ENABLE_DEBUG_INFO = NO;
				PRODUCT_BUNDLE_IDENTIFIER = com.pierremarcairoldi.Screenshots;
				PRODUCT_NAME = "$(TARGET_NAME)";
				SWIFT_VERSION = 4.0;
				TARGETED_DEVICE_FAMILY = "1,2";
				TEST_TARGET_NAME = HockeyPlayoffs;
			};
			name = Release;
		};
/* End XCBuildConfiguration section */

/* Begin XCConfigurationList section */
		0684138018B9A0CE00A89D7C /* Build configuration list for PBXProject "HockeyPlayoffs" */ = {
			isa = XCConfigurationList;
			buildConfigurations = (
				068413AF18B9A0CE00A89D7C /* Debug */,
				068413B018B9A0CE00A89D7C /* Release */,
			);
			defaultConfigurationIsVisible = 0;
			defaultConfigurationName = Release;
		};
		06B321D32065DCE400C4078F /* Build configuration list for PBXNativeTarget "HockeyPlayoffs" */ = {
			isa = XCConfigurationList;
			buildConfigurations = (
				06B321D42065DCE400C4078F /* Debug */,
				06B321D52065DCE400C4078F /* Release */,
			);
			defaultConfigurationIsVisible = 0;
			defaultConfigurationName = Release;
		};
		06B321E12065DCF200C4078F /* Build configuration list for PBXNativeTarget "HockeyPlayoffsTests" */ = {
			isa = XCConfigurationList;
			buildConfigurations = (
				06B321E22065DCF200C4078F /* Debug */,
				06B321E32065DCF200C4078F /* Release */,
			);
			defaultConfigurationIsVisible = 0;
			defaultConfigurationName = Release;
		};
		06D0A729206A0DDB00B1B0F0 /* Build configuration list for PBXNativeTarget "Screenshots" */ = {
			isa = XCConfigurationList;
			buildConfigurations = (
				06D0A727206A0DDB00B1B0F0 /* Debug */,
				06D0A728206A0DDB00B1B0F0 /* Release */,
			);
			defaultConfigurationIsVisible = 0;
			defaultConfigurationName = Release;
		};
/* End XCConfigurationList section */
	};
	rootObject = 0684137D18B9A0CE00A89D7C /* Project object */;
}
